// !$*UTF8*$!
{
	archiveVersion = 1;
	classes = {
	};
	objectVersion = 50;
	objects = {

/* Begin PBXBuildFile section */
		4B9461A507DD31F3AE198D47 /* Pods_sachithsilva_cobsccomp182p_018.framework in Frameworks */ = {isa = PBXBuildFile; fileRef = 979F08ABA15F4BE56C9FA678 /* Pods_sachithsilva_cobsccomp182p_018.framework */; };
		84F7FA1223EEA92100A92637 /* AppDelegate.swift in Sources */ = {isa = PBXBuildFile; fileRef = 84F7FA1123EEA92100A92637 /* AppDelegate.swift */; };
		84F7FA1423EEA92100A92637 /* ViewController.swift in Sources */ = {isa = PBXBuildFile; fileRef = 84F7FA1323EEA92100A92637 /* ViewController.swift */; };
		84F7FA1723EEA92100A92637 /* Main.storyboard in Resources */ = {isa = PBXBuildFile; fileRef = 84F7FA1523EEA92100A92637 /* Main.storyboard */; };
		84F7FA1923EEA92200A92637 /* Assets.xcassets in Resources */ = {isa = PBXBuildFile; fileRef = 84F7FA1823EEA92200A92637 /* Assets.xcassets */; };
		84F7FA1C23EEA92200A92637 /* LaunchScreen.storyboard in Resources */ = {isa = PBXBuildFile; fileRef = 84F7FA1A23EEA92200A92637 /* LaunchScreen.storyboard */; };
		84F7FA2723EEA92200A92637 /* sachithsilva_cobsccomp182p_018Tests.swift in Sources */ = {isa = PBXBuildFile; fileRef = 84F7FA2623EEA92200A92637 /* sachithsilva_cobsccomp182p_018Tests.swift */; };
		84F7FA3223EEA92200A92637 /* sachithsilva_cobsccomp182p_018UITests.swift in Sources */ = {isa = PBXBuildFile; fileRef = 84F7FA3123EEA92200A92637 /* sachithsilva_cobsccomp182p_018UITests.swift */; };
		C055935D004BEB239E70CA15 /* Pods_sachithsilva_cobsccomp182p_018UITests.framework in Frameworks */ = {isa = PBXBuildFile; fileRef = 8CC8E8426F21050C2ED6B1FC /* Pods_sachithsilva_cobsccomp182p_018UITests.framework */; };
		EC770C0DA66F944183559F68 /* Pods_sachithsilva_cobsccomp182p_018Tests.framework in Frameworks */ = {isa = PBXBuildFile; fileRef = DC2216BA7CA6B81E1876B7C1 /* Pods_sachithsilva_cobsccomp182p_018Tests.framework */; };
/* End PBXBuildFile section */

/* Begin PBXContainerItemProxy section */
		84F7FA2323EEA92200A92637 /* PBXContainerItemProxy */ = {
			isa = PBXContainerItemProxy;
			containerPortal = 84F7FA0623EEA92100A92637 /* Project object */;
			proxyType = 1;
			remoteGlobalIDString = 84F7FA0D23EEA92100A92637;
			remoteInfo = "sachithsilva-cobsccomp182p-018";
		};
		84F7FA2E23EEA92200A92637 /* PBXContainerItemProxy */ = {
			isa = PBXContainerItemProxy;
			containerPortal = 84F7FA0623EEA92100A92637 /* Project object */;
			proxyType = 1;
			remoteGlobalIDString = 84F7FA0D23EEA92100A92637;
			remoteInfo = "sachithsilva-cobsccomp182p-018";
		};
/* End PBXContainerItemProxy section */

/* Begin PBXFileReference section */
		23147D1B21B8F8A0DB39BB47 /* Pods-sachithsilva-cobsccomp182p-018Tests.debug.xcconfig */ = {isa = PBXFileReference; includeInIndex = 1; lastKnownFileType = text.xcconfig; name = "Pods-sachithsilva-cobsccomp182p-018Tests.debug.xcconfig"; path = "Target Support Files/Pods-sachithsilva-cobsccomp182p-018Tests/Pods-sachithsilva-cobsccomp182p-018Tests.debug.xcconfig"; sourceTree = "<group>"; };
		84F7FA0E23EEA92100A92637 /* sachithsilva-cobsccomp182p-018.app */ = {isa = PBXFileReference; explicitFileType = wrapper.application; includeInIndex = 0; path = "sachithsilva-cobsccomp182p-018.app"; sourceTree = BUILT_PRODUCTS_DIR; };
		84F7FA1123EEA92100A92637 /* AppDelegate.swift */ = {isa = PBXFileReference; lastKnownFileType = sourcecode.swift; path = AppDelegate.swift; sourceTree = "<group>"; };
		84F7FA1323EEA92100A92637 /* ViewController.swift */ = {isa = PBXFileReference; lastKnownFileType = sourcecode.swift; path = ViewController.swift; sourceTree = "<group>"; };
		84F7FA1623EEA92100A92637 /* Base */ = {isa = PBXFileReference; lastKnownFileType = file.storyboard; name = Base; path = Base.lproj/Main.storyboard; sourceTree = "<group>"; };
		84F7FA1823EEA92200A92637 /* Assets.xcassets */ = {isa = PBXFileReference; lastKnownFileType = folder.assetcatalog; path = Assets.xcassets; sourceTree = "<group>"; };
		84F7FA1B23EEA92200A92637 /* Base */ = {isa = PBXFileReference; lastKnownFileType = file.storyboard; name = Base; path = Base.lproj/LaunchScreen.storyboard; sourceTree = "<group>"; };
		84F7FA1D23EEA92200A92637 /* Info.plist */ = {isa = PBXFileReference; lastKnownFileType = text.plist.xml; path = Info.plist; sourceTree = "<group>"; };
		84F7FA2223EEA92200A92637 /* sachithsilva-cobsccomp182p-018Tests.xctest */ = {isa = PBXFileReference; explicitFileType = wrapper.cfbundle; includeInIndex = 0; path = "sachithsilva-cobsccomp182p-018Tests.xctest"; sourceTree = BUILT_PRODUCTS_DIR; };
		84F7FA2623EEA92200A92637 /* sachithsilva_cobsccomp182p_018Tests.swift */ = {isa = PBXFileReference; lastKnownFileType = sourcecode.swift; path = sachithsilva_cobsccomp182p_018Tests.swift; sourceTree = "<group>"; };
		84F7FA2823EEA92200A92637 /* Info.plist */ = {isa = PBXFileReference; lastKnownFileType = text.plist.xml; path = Info.plist; sourceTree = "<group>"; };
		84F7FA2D23EEA92200A92637 /* sachithsilva-cobsccomp182p-018UITests.xctest */ = {isa = PBXFileReference; explicitFileType = wrapper.cfbundle; includeInIndex = 0; path = "sachithsilva-cobsccomp182p-018UITests.xctest"; sourceTree = BUILT_PRODUCTS_DIR; };
		84F7FA3123EEA92200A92637 /* sachithsilva_cobsccomp182p_018UITests.swift */ = {isa = PBXFileReference; lastKnownFileType = sourcecode.swift; path = sachithsilva_cobsccomp182p_018UITests.swift; sourceTree = "<group>"; };
		84F7FA3323EEA92200A92637 /* Info.plist */ = {isa = PBXFileReference; lastKnownFileType = text.plist.xml; path = Info.plist; sourceTree = "<group>"; };
		8978EA56CC4EC1539DC13CF7 /* Pods-sachithsilva-cobsccomp182p-018.release.xcconfig */ = {isa = PBXFileReference; includeInIndex = 1; lastKnownFileType = text.xcconfig; name = "Pods-sachithsilva-cobsccomp182p-018.release.xcconfig"; path = "Target Support Files/Pods-sachithsilva-cobsccomp182p-018/Pods-sachithsilva-cobsccomp182p-018.release.xcconfig"; sourceTree = "<group>"; };
		8CC8E8426F21050C2ED6B1FC /* Pods_sachithsilva_cobsccomp182p_018UITests.framework */ = {isa = PBXFileReference; explicitFileType = wrapper.framework; includeInIndex = 0; path = Pods_sachithsilva_cobsccomp182p_018UITests.framework; sourceTree = BUILT_PRODUCTS_DIR; };
		979F08ABA15F4BE56C9FA678 /* Pods_sachithsilva_cobsccomp182p_018.framework */ = {isa = PBXFileReference; explicitFileType = wrapper.framework; includeInIndex = 0; path = Pods_sachithsilva_cobsccomp182p_018.framework; sourceTree = BUILT_PRODUCTS_DIR; };
		B1ECECE8E47FFC8E70F22E01 /* Pods-sachithsilva-cobsccomp182p-018.debug.xcconfig */ = {isa = PBXFileReference; includeInIndex = 1; lastKnownFileType = text.xcconfig; name = "Pods-sachithsilva-cobsccomp182p-018.debug.xcconfig"; path = "Target Support Files/Pods-sachithsilva-cobsccomp182p-018/Pods-sachithsilva-cobsccomp182p-018.debug.xcconfig"; sourceTree = "<group>"; };
		D11E7E886B6277F1B21CB2E7 /* Pods-sachithsilva-cobsccomp182p-018Tests.release.xcconfig */ = {isa = PBXFileReference; includeInIndex = 1; lastKnownFileType = text.xcconfig; name = "Pods-sachithsilva-cobsccomp182p-018Tests.release.xcconfig"; path = "Target Support Files/Pods-sachithsilva-cobsccomp182p-018Tests/Pods-sachithsilva-cobsccomp182p-018Tests.release.xcconfig"; sourceTree = "<group>"; };
		DC2216BA7CA6B81E1876B7C1 /* Pods_sachithsilva_cobsccomp182p_018Tests.framework */ = {isa = PBXFileReference; explicitFileType = wrapper.framework; includeInIndex = 0; path = Pods_sachithsilva_cobsccomp182p_018Tests.framework; sourceTree = BUILT_PRODUCTS_DIR; };
		E92ACE2D9410DC19150BE1FD /* Pods-sachithsilva-cobsccomp182p-018UITests.release.xcconfig */ = {isa = PBXFileReference; includeInIndex = 1; lastKnownFileType = text.xcconfig; name = "Pods-sachithsilva-cobsccomp182p-018UITests.release.xcconfig"; path = "Target Support Files/Pods-sachithsilva-cobsccomp182p-018UITests/Pods-sachithsilva-cobsccomp182p-018UITests.release.xcconfig"; sourceTree = "<group>"; };
		EE2F3CD91AC2993D0060BF9E /* Pods-sachithsilva-cobsccomp182p-018UITests.debug.xcconfig */ = {isa = PBXFileReference; includeInIndex = 1; lastKnownFileType = text.xcconfig; name = "Pods-sachithsilva-cobsccomp182p-018UITests.debug.xcconfig"; path = "Target Support Files/Pods-sachithsilva-cobsccomp182p-018UITests/Pods-sachithsilva-cobsccomp182p-018UITests.debug.xcconfig"; sourceTree = "<group>"; };
/* End PBXFileReference section */

/* Begin PBXFrameworksBuildPhase section */
		84F7FA0B23EEA92100A92637 /* Frameworks */ = {
			isa = PBXFrameworksBuildPhase;
			buildActionMask = 2147483647;
			files = (
				4B9461A507DD31F3AE198D47 /* Pods_sachithsilva_cobsccomp182p_018.framework in Frameworks */,
			);
			runOnlyForDeploymentPostprocessing = 0;
		};
		84F7FA1F23EEA92200A92637 /* Frameworks */ = {
			isa = PBXFrameworksBuildPhase;
			buildActionMask = 2147483647;
			files = (
				EC770C0DA66F944183559F68 /* Pods_sachithsilva_cobsccomp182p_018Tests.framework in Frameworks */,
			);
			runOnlyForDeploymentPostprocessing = 0;
		};
		84F7FA2A23EEA92200A92637 /* Frameworks */ = {
			isa = PBXFrameworksBuildPhase;
			buildActionMask = 2147483647;
			files = (
				C055935D004BEB239E70CA15 /* Pods_sachithsilva_cobsccomp182p_018UITests.framework in Frameworks */,
			);
			runOnlyForDeploymentPostprocessing = 0;
		};
/* End PBXFrameworksBuildPhase section */

/* Begin PBXGroup section */
		84F7FA0523EEA92100A92637 = {
			isa = PBXGroup;
			children = (
				84F7FA1023EEA92100A92637 /* sachithsilva-cobsccomp182p-018 */,
				84F7FA2523EEA92200A92637 /* sachithsilva-cobsccomp182p-018Tests */,
				84F7FA3023EEA92200A92637 /* sachithsilva-cobsccomp182p-018UITests */,
				84F7FA0F23EEA92100A92637 /* Products */,
				D8FC43E800A4829068E85188 /* Pods */,
				F70F91AEF8220FDC05ACC946 /* Frameworks */,
			);
			sourceTree = "<group>";
		};
		84F7FA0F23EEA92100A92637 /* Products */ = {
			isa = PBXGroup;
			children = (
				84F7FA0E23EEA92100A92637 /* sachithsilva-cobsccomp182p-018.app */,
				84F7FA2223EEA92200A92637 /* sachithsilva-cobsccomp182p-018Tests.xctest */,
				84F7FA2D23EEA92200A92637 /* sachithsilva-cobsccomp182p-018UITests.xctest */,
			);
			name = Products;
			sourceTree = "<group>";
		};
		84F7FA1023EEA92100A92637 /* sachithsilva-cobsccomp182p-018 */ = {
			isa = PBXGroup;
			children = (
				84F7FA1123EEA92100A92637 /* AppDelegate.swift */,
				84F7FA1323EEA92100A92637 /* ViewController.swift */,
				84F7FA1523EEA92100A92637 /* Main.storyboard */,
				84F7FA1823EEA92200A92637 /* Assets.xcassets */,
				84F7FA1A23EEA92200A92637 /* LaunchScreen.storyboard */,
				84F7FA1D23EEA92200A92637 /* Info.plist */,
			);
			path = "sachithsilva-cobsccomp182p-018";
			sourceTree = "<group>";
		};
		84F7FA2523EEA92200A92637 /* sachithsilva-cobsccomp182p-018Tests */ = {
			isa = PBXGroup;
			children = (
				84F7FA2623EEA92200A92637 /* sachithsilva_cobsccomp182p_018Tests.swift */,
				84F7FA2823EEA92200A92637 /* Info.plist */,
			);
			path = "sachithsilva-cobsccomp182p-018Tests";
			sourceTree = "<group>";
		};
		84F7FA3023EEA92200A92637 /* sachithsilva-cobsccomp182p-018UITests */ = {
			isa = PBXGroup;
			children = (
				84F7FA3123EEA92200A92637 /* sachithsilva_cobsccomp182p_018UITests.swift */,
				84F7FA3323EEA92200A92637 /* Info.plist */,
			);
			path = "sachithsilva-cobsccomp182p-018UITests";
			sourceTree = "<group>";
		};
		D8FC43E800A4829068E85188 /* Pods */ = {
			isa = PBXGroup;
			children = (
				B1ECECE8E47FFC8E70F22E01 /* Pods-sachithsilva-cobsccomp182p-018.debug.xcconfig */,
				8978EA56CC4EC1539DC13CF7 /* Pods-sachithsilva-cobsccomp182p-018.release.xcconfig */,
				23147D1B21B8F8A0DB39BB47 /* Pods-sachithsilva-cobsccomp182p-018Tests.debug.xcconfig */,
				D11E7E886B6277F1B21CB2E7 /* Pods-sachithsilva-cobsccomp182p-018Tests.release.xcconfig */,
				EE2F3CD91AC2993D0060BF9E /* Pods-sachithsilva-cobsccomp182p-018UITests.debug.xcconfig */,
				E92ACE2D9410DC19150BE1FD /* Pods-sachithsilva-cobsccomp182p-018UITests.release.xcconfig */,
			);
			name = Pods;
			path = Pods;
			sourceTree = "<group>";
		};
		F70F91AEF8220FDC05ACC946 /* Frameworks */ = {
			isa = PBXGroup;
			children = (
				979F08ABA15F4BE56C9FA678 /* Pods_sachithsilva_cobsccomp182p_018.framework */,
				DC2216BA7CA6B81E1876B7C1 /* Pods_sachithsilva_cobsccomp182p_018Tests.framework */,
				8CC8E8426F21050C2ED6B1FC /* Pods_sachithsilva_cobsccomp182p_018UITests.framework */,
			);
			name = Frameworks;
			sourceTree = "<group>";
		};
/* End PBXGroup section */

/* Begin PBXNativeTarget section */
		84F7FA0D23EEA92100A92637 /* sachithsilva-cobsccomp182p-018 */ = {
			isa = PBXNativeTarget;
			buildConfigurationList = 84F7FA3623EEA92200A92637 /* Build configuration list for PBXNativeTarget "sachithsilva-cobsccomp182p-018" */;
			buildPhases = (
				2C606EAAC021BDF7E6BFCD1E /* [CP] Check Pods Manifest.lock */,
				84F7FA0A23EEA92100A92637 /* Sources */,
				84F7FA0B23EEA92100A92637 /* Frameworks */,
				84F7FA0C23EEA92100A92637 /* Resources */,
				36194420CC9278F65C9E3D9B /* [CP] Embed Pods Frameworks */,
			);
			buildRules = (
			);
			dependencies = (
			);
			name = "sachithsilva-cobsccomp182p-018";
			productName = "sachithsilva-cobsccomp182p-018";
			productReference = 84F7FA0E23EEA92100A92637 /* sachithsilva-cobsccomp182p-018.app */;
			productType = "com.apple.product-type.application";
		};
		84F7FA2123EEA92200A92637 /* sachithsilva-cobsccomp182p-018Tests */ = {
			isa = PBXNativeTarget;
			buildConfigurationList = 84F7FA3923EEA92200A92637 /* Build configuration list for PBXNativeTarget "sachithsilva-cobsccomp182p-018Tests" */;
			buildPhases = (
				308B1B6DEF4D4F71C11D1ADF /* [CP] Check Pods Manifest.lock */,
				84F7FA1E23EEA92200A92637 /* Sources */,
				84F7FA1F23EEA92200A92637 /* Frameworks */,
				84F7FA2023EEA92200A92637 /* Resources */,
			);
			buildRules = (
			);
			dependencies = (
				84F7FA2423EEA92200A92637 /* PBXTargetDependency */,
			);
			name = "sachithsilva-cobsccomp182p-018Tests";
			productName = "sachithsilva-cobsccomp182p-018Tests";
			productReference = 84F7FA2223EEA92200A92637 /* sachithsilva-cobsccomp182p-018Tests.xctest */;
			productType = "com.apple.product-type.bundle.unit-test";
		};
		84F7FA2C23EEA92200A92637 /* sachithsilva-cobsccomp182p-018UITests */ = {
			isa = PBXNativeTarget;
			buildConfigurationList = 84F7FA3C23EEA92200A92637 /* Build configuration list for PBXNativeTarget "sachithsilva-cobsccomp182p-018UITests" */;
			buildPhases = (
				9ABD7BF7FCA6FFDE8ED08AB2 /* [CP] Check Pods Manifest.lock */,
				84F7FA2923EEA92200A92637 /* Sources */,
				84F7FA2A23EEA92200A92637 /* Frameworks */,
				84F7FA2B23EEA92200A92637 /* Resources */,
			);
			buildRules = (
			);
			dependencies = (
				84F7FA2F23EEA92200A92637 /* PBXTargetDependency */,
			);
			name = "sachithsilva-cobsccomp182p-018UITests";
			productName = "sachithsilva-cobsccomp182p-018UITests";
			productReference = 84F7FA2D23EEA92200A92637 /* sachithsilva-cobsccomp182p-018UITests.xctest */;
			productType = "com.apple.product-type.bundle.ui-testing";
		};
/* End PBXNativeTarget section */

/* Begin PBXProject section */
		84F7FA0623EEA92100A92637 /* Project object */ = {
			isa = PBXProject;
			attributes = {
				LastSwiftUpdateCheck = 1020;
				LastUpgradeCheck = 1020;
				ORGANIZATIONNAME = NIBM;
				TargetAttributes = {
					84F7FA0D23EEA92100A92637 = {
						CreatedOnToolsVersion = 10.2.1;
					};
					84F7FA2123EEA92200A92637 = {
						CreatedOnToolsVersion = 10.2.1;
						TestTargetID = 84F7FA0D23EEA92100A92637;
					};
					84F7FA2C23EEA92200A92637 = {
						CreatedOnToolsVersion = 10.2.1;
						TestTargetID = 84F7FA0D23EEA92100A92637;
					};
				};
			};
			buildConfigurationList = 84F7FA0923EEA92100A92637 /* Build configuration list for PBXProject "sachithsilva-cobsccomp182p-018" */;
			compatibilityVersion = "Xcode 9.3";
			developmentRegion = en;
			hasScannedForEncodings = 0;
			knownRegions = (
				en,
				Base,
			);
			mainGroup = 84F7FA0523EEA92100A92637;
			productRefGroup = 84F7FA0F23EEA92100A92637 /* Products */;
			projectDirPath = "";
			projectRoot = "";
			targets = (
				84F7FA0D23EEA92100A92637 /* sachithsilva-cobsccomp182p-018 */,
				84F7FA2123EEA92200A92637 /* sachithsilva-cobsccomp182p-018Tests */,
				84F7FA2C23EEA92200A92637 /* sachithsilva-cobsccomp182p-018UITests */,
			);
		};
/* End PBXProject section */

/* Begin PBXResourcesBuildPhase section */
		84F7FA0C23EEA92100A92637 /* Resources */ = {
			isa = PBXResourcesBuildPhase;
			buildActionMask = 2147483647;
			files = (
				84F7FA1C23EEA92200A92637 /* LaunchScreen.storyboard in Resources */,
				84F7FA1923EEA92200A92637 /* Assets.xcassets in Resources */,
				84F7FA1723EEA92100A92637 /* Main.storyboard in Resources */,
			);
			runOnlyForDeploymentPostprocessing = 0;
		};
		84F7FA2023EEA92200A92637 /* Resources */ = {
			isa = PBXResourcesBuildPhase;
			buildActionMask = 2147483647;
			files = (
			);
			runOnlyForDeploymentPostprocessing = 0;
		};
		84F7FA2B23EEA92200A92637 /* Resources */ = {
			isa = PBXResourcesBuildPhase;
			buildActionMask = 2147483647;
			files = (
			);
			runOnlyForDeploymentPostprocessing = 0;
		};
/* End PBXResourcesBuildPhase section */

/* Begin PBXShellScriptBuildPhase section */
		2C606EAAC021BDF7E6BFCD1E /* [CP] Check Pods Manifest.lock */ = {
			isa = PBXShellScriptBuildPhase;
			buildActionMask = 2147483647;
			files = (
			);
			inputFileListPaths = (
			);
			inputPaths = (
				"${PODS_PODFILE_DIR_PATH}/Podfile.lock",
				"${PODS_ROOT}/Manifest.lock",
			);
			name = "[CP] Check Pods Manifest.lock";
			outputFileListPaths = (
			);
			outputPaths = (
				"$(DERIVED_FILE_DIR)/Pods-sachithsilva-cobsccomp182p-018-checkManifestLockResult.txt",
			);
			runOnlyForDeploymentPostprocessing = 0;
			shellPath = /bin/sh;
			shellScript = "diff \"${PODS_PODFILE_DIR_PATH}/Podfile.lock\" \"${PODS_ROOT}/Manifest.lock\" > /dev/null\nif [ $? != 0 ] ; then\n    # print error to STDERR\n    echo \"error: The sandbox is not in sync with the Podfile.lock. Run 'pod install' or update your CocoaPods installation.\" >&2\n    exit 1\nfi\n# This output is used by Xcode 'outputs' to avoid re-running this script phase.\necho \"SUCCESS\" > \"${SCRIPT_OUTPUT_FILE_0}\"\n";
			showEnvVarsInLog = 0;
		};
		308B1B6DEF4D4F71C11D1ADF /* [CP] Check Pods Manifest.lock */ = {
			isa = PBXShellScriptBuildPhase;
			buildActionMask = 2147483647;
			files = (
			);
			inputFileListPaths = (
			);
			inputPaths = (
				"${PODS_PODFILE_DIR_PATH}/Podfile.lock",
				"${PODS_ROOT}/Manifest.lock",
			);
			name = "[CP] Check Pods Manifest.lock";
			outputFileListPaths = (
			);
			outputPaths = (
				"$(DERIVED_FILE_DIR)/Pods-sachithsilva-cobsccomp182p-018Tests-checkManifestLockResult.txt",
			);
			runOnlyForDeploymentPostprocessing = 0;
			shellPath = /bin/sh;
			shellScript = "diff \"${PODS_PODFILE_DIR_PATH}/Podfile.lock\" \"${PODS_ROOT}/Manifest.lock\" > /dev/null\nif [ $? != 0 ] ; then\n    # print error to STDERR\n    echo \"error: The sandbox is not in sync with the Podfile.lock. Run 'pod install' or update your CocoaPods installation.\" >&2\n    exit 1\nfi\n# This output is used by Xcode 'outputs' to avoid re-running this script phase.\necho \"SUCCESS\" > \"${SCRIPT_OUTPUT_FILE_0}\"\n";
			showEnvVarsInLog = 0;
		};
		36194420CC9278F65C9E3D9B /* [CP] Embed Pods Frameworks */ = {
			isa = PBXShellScriptBuildPhase;
			buildActionMask = 2147483647;
			files = (
			);
			inputFileListPaths = (
				"${PODS_ROOT}/Target Support Files/Pods-sachithsilva-cobsccomp182p-018/Pods-sachithsilva-cobsccomp182p-018-frameworks-${CONFIGURATION}-input-files.xcfilelist",
			);
			name = "[CP] Embed Pods Frameworks";
			outputFileListPaths = (
				"${PODS_ROOT}/Target Support Files/Pods-sachithsilva-cobsccomp182p-018/Pods-sachithsilva-cobsccomp182p-018-frameworks-${CONFIGURATION}-output-files.xcfilelist",
			);
			runOnlyForDeploymentPostprocessing = 0;
			shellPath = /bin/sh;
			shellScript = "\"${PODS_ROOT}/Target Support Files/Pods-sachithsilva-cobsccomp182p-018/Pods-sachithsilva-cobsccomp182p-018-frameworks.sh\"\n";
			showEnvVarsInLog = 0;
		};
		9ABD7BF7FCA6FFDE8ED08AB2 /* [CP] Check Pods Manifest.lock */ = {
			isa = PBXShellScriptBuildPhase;
			buildActionMask = 2147483647;
			files = (
			);
			inputFileListPaths = (
			);
			inputPaths = (
				"${PODS_PODFILE_DIR_PATH}/Podfile.lock",
				"${PODS_ROOT}/Manifest.lock",
			);
			name = "[CP] Check Pods Manifest.lock";
			outputFileListPaths = (
			);
			outputPaths = (
				"$(DERIVED_FILE_DIR)/Pods-sachithsilva-cobsccomp182p-018UITests-checkManifestLockResult.txt",
			);
			runOnlyForDeploymentPostprocessing = 0;
			shellPath = /bin/sh;
			shellScript = "diff \"${PODS_PODFILE_DIR_PATH}/Podfile.lock\" \"${PODS_ROOT}/Manifest.lock\" > /dev/null\nif [ $? != 0 ] ; then\n    # print error to STDERR\n    echo \"error: The sandbox is not in sync with the Podfile.lock. Run 'pod install' or update your CocoaPods installation.\" >&2\n    exit 1\nfi\n# This output is used by Xcode 'outputs' to avoid re-running this script phase.\necho \"SUCCESS\" > \"${SCRIPT_OUTPUT_FILE_0}\"\n";
			showEnvVarsInLog = 0;
		};
/* End PBXShellScriptBuildPhase section */

/* Begin PBXSourcesBuildPhase section */
		84F7FA0A23EEA92100A92637 /* Sources */ = {
			isa = PBXSourcesBuildPhase;
			buildActionMask = 2147483647;
			files = (
				84F7FA1423EEA92100A92637 /* ViewController.swift in Sources */,
				84F7FA1223EEA92100A92637 /* AppDelegate.swift in Sources */,
			);
			runOnlyForDeploymentPostprocessing = 0;
		};
		84F7FA1E23EEA92200A92637 /* Sources */ = {
			isa = PBXSourcesBuildPhase;
			buildActionMask = 2147483647;
			files = (
				84F7FA2723EEA92200A92637 /* sachithsilva_cobsccomp182p_018Tests.swift in Sources */,
			);
			runOnlyForDeploymentPostprocessing = 0;
		};
		84F7FA2923EEA92200A92637 /* Sources */ = {
			isa = PBXSourcesBuildPhase;
			buildActionMask = 2147483647;
			files = (
				84F7FA3223EEA92200A92637 /* sachithsilva_cobsccomp182p_018UITests.swift in Sources */,
			);
			runOnlyForDeploymentPostprocessing = 0;
		};
/* End PBXSourcesBuildPhase section */

/* Begin PBXTargetDependency section */
		84F7FA2423EEA92200A92637 /* PBXTargetDependency */ = {
			isa = PBXTargetDependency;
			target = 84F7FA0D23EEA92100A92637 /* sachithsilva-cobsccomp182p-018 */;
			targetProxy = 84F7FA2323EEA92200A92637 /* PBXContainerItemProxy */;
		};
		84F7FA2F23EEA92200A92637 /* PBXTargetDependency */ = {
			isa = PBXTargetDependency;
			target = 84F7FA0D23EEA92100A92637 /* sachithsilva-cobsccomp182p-018 */;
			targetProxy = 84F7FA2E23EEA92200A92637 /* PBXContainerItemProxy */;
		};
/* End PBXTargetDependency section */

/* Begin PBXVariantGroup section */
		84F7FA1523EEA92100A92637 /* Main.storyboard */ = {
			isa = PBXVariantGroup;
			children = (
				84F7FA1623EEA92100A92637 /* Base */,
			);
			name = Main.storyboard;
			sourceTree = "<group>";
		};
		84F7FA1A23EEA92200A92637 /* LaunchScreen.storyboard */ = {
			isa = PBXVariantGroup;
			children = (
				84F7FA1B23EEA92200A92637 /* Base */,
			);
			name = LaunchScreen.storyboard;
			sourceTree = "<group>";
		};
/* End PBXVariantGroup section */

/* Begin XCBuildConfiguration section */
		84F7FA3423EEA92200A92637 /* Debug */ = {
			isa = XCBuildConfiguration;
			buildSettings = {
				ALWAYS_SEARCH_USER_PATHS = NO;
				CLANG_ANALYZER_NONNULL = YES;
				CLANG_ANALYZER_NUMBER_OBJECT_CONVERSION = YES_AGGRESSIVE;
				CLANG_CXX_LANGUAGE_STANDARD = "gnu++14";
				CLANG_CXX_LIBRARY = "libc++";
				CLANG_ENABLE_MODULES = YES;
				CLANG_ENABLE_OBJC_ARC = YES;
				CLANG_ENABLE_OBJC_WEAK = YES;
				CLANG_WARN_BLOCK_CAPTURE_AUTORELEASING = YES;
				CLANG_WARN_BOOL_CONVERSION = YES;
				CLANG_WARN_COMMA = YES;
				CLANG_WARN_CONSTANT_CONVERSION = YES;
				CLANG_WARN_DEPRECATED_OBJC_IMPLEMENTATIONS = YES;
				CLANG_WARN_DIRECT_OBJC_ISA_USAGE = YES_ERROR;
				CLANG_WARN_DOCUMENTATION_COMMENTS = YES;
				CLANG_WARN_EMPTY_BODY = YES;
				CLANG_WARN_ENUM_CONVERSION = YES;
				CLANG_WARN_INFINITE_RECURSION = YES;
				CLANG_WARN_INT_CONVERSION = YES;
				CLANG_WARN_NON_LITERAL_NULL_CONVERSION = YES;
				CLANG_WARN_OBJC_IMPLICIT_RETAIN_SELF = YES;
				CLANG_WARN_OBJC_LITERAL_CONVERSION = YES;
				CLANG_WARN_OBJC_ROOT_CLASS = YES_ERROR;
				CLANG_WARN_RANGE_LOOP_ANALYSIS = YES;
				CLANG_WARN_STRICT_PROTOTYPES = YES;
				CLANG_WARN_SUSPICIOUS_MOVE = YES;
				CLANG_WARN_UNGUARDED_AVAILABILITY = YES_AGGRESSIVE;
				CLANG_WARN_UNREACHABLE_CODE = YES;
				CLANG_WARN__DUPLICATE_METHOD_MATCH = YES;
				CODE_SIGN_IDENTITY = "iPhone Developer";
				COPY_PHASE_STRIP = NO;
				DEBUG_INFORMATION_FORMAT = dwarf;
				ENABLE_STRICT_OBJC_MSGSEND = YES;
				ENABLE_TESTABILITY = YES;
				GCC_C_LANGUAGE_STANDARD = gnu11;
				GCC_DYNAMIC_NO_PIC = NO;
				GCC_NO_COMMON_BLOCKS = YES;
				GCC_OPTIMIZATION_LEVEL = 0;
				GCC_PREPROCESSOR_DEFINITIONS = (
					"DEBUG=1",
					"$(inherited)",
				);
				GCC_WARN_64_TO_32_BIT_CONVERSION = YES;
				GCC_WARN_ABOUT_RETURN_TYPE = YES_ERROR;
				GCC_WARN_UNDECLARED_SELECTOR = YES;
				GCC_WARN_UNINITIALIZED_AUTOS = YES_AGGRESSIVE;
				GCC_WARN_UNUSED_FUNCTION = YES;
				GCC_WARN_UNUSED_VARIABLE = YES;
				IPHONEOS_DEPLOYMENT_TARGET = 12.2;
				MTL_ENABLE_DEBUG_INFO = INCLUDE_SOURCE;
				MTL_FAST_MATH = YES;
				ONLY_ACTIVE_ARCH = YES;
				SDKROOT = iphoneos;
				SWIFT_ACTIVE_COMPILATION_CONDITIONS = DEBUG;
				SWIFT_OPTIMIZATION_LEVEL = "-Onone";
			};
			name = Debug;
		};
		84F7FA3523EEA92200A92637 /* Release */ = {
			isa = XCBuildConfiguration;
			buildSettings = {
				ALWAYS_SEARCH_USER_PATHS = NO;
				CLANG_ANALYZER_NONNULL = YES;
				CLANG_ANALYZER_NUMBER_OBJECT_CONVERSION = YES_AGGRESSIVE;
				CLANG_CXX_LANGUAGE_STANDARD = "gnu++14";
				CLANG_CXX_LIBRARY = "libc++";
				CLANG_ENABLE_MODULES = YES;
				CLANG_ENABLE_OBJC_ARC = YES;
				CLANG_ENABLE_OBJC_WEAK = YES;
				CLANG_WARN_BLOCK_CAPTURE_AUTORELEASING = YES;
				CLANG_WARN_BOOL_CONVERSION = YES;
				CLANG_WARN_COMMA = YES;
				CLANG_WARN_CONSTANT_CONVERSION = YES;
				CLANG_WARN_DEPRECATED_OBJC_IMPLEMENTATIONS = YES;
				CLANG_WARN_DIRECT_OBJC_ISA_USAGE = YES_ERROR;
				CLANG_WARN_DOCUMENTATION_COMMENTS = YES;
				CLANG_WARN_EMPTY_BODY = YES;
				CLANG_WARN_ENUM_CONVERSION = YES;
				CLANG_WARN_INFINITE_RECURSION = YES;
				CLANG_WARN_INT_CONVERSION = YES;
				CLANG_WARN_NON_LITERAL_NULL_CONVERSION = YES;
				CLANG_WARN_OBJC_IMPLICIT_RETAIN_SELF = YES;
				CLANG_WARN_OBJC_LITERAL_CONVERSION = YES;
				CLANG_WARN_OBJC_ROOT_CLASS = YES_ERROR;
				CLANG_WARN_RANGE_LOOP_ANALYSIS = YES;
				CLANG_WARN_STRICT_PROTOTYPES = YES;
				CLANG_WARN_SUSPICIOUS_MOVE = YES;
				CLANG_WARN_UNGUARDED_AVAILABILITY = YES_AGGRESSIVE;
				CLANG_WARN_UNREACHABLE_CODE = YES;
				CLANG_WARN__DUPLICATE_METHOD_MATCH = YES;
				CODE_SIGN_IDENTITY = "iPhone Developer";
				COPY_PHASE_STRIP = NO;
				DEBUG_INFORMATION_FORMAT = "dwarf-with-dsym";
				ENABLE_NS_ASSERTIONS = NO;
				ENABLE_STRICT_OBJC_MSGSEND = YES;
				GCC_C_LANGUAGE_STANDARD = gnu11;
				GCC_NO_COMMON_BLOCKS = YES;
				GCC_WARN_64_TO_32_BIT_CONVERSION = YES;
				GCC_WARN_ABOUT_RETURN_TYPE = YES_ERROR;
				GCC_WARN_UNDECLARED_SELECTOR = YES;
				GCC_WARN_UNINITIALIZED_AUTOS = YES_AGGRESSIVE;
				GCC_WARN_UNUSED_FUNCTION = YES;
				GCC_WARN_UNUSED_VARIABLE = YES;
				IPHONEOS_DEPLOYMENT_TARGET = 12.2;
				MTL_ENABLE_DEBUG_INFO = NO;
				MTL_FAST_MATH = YES;
				SDKROOT = iphoneos;
				SWIFT_COMPILATION_MODE = wholemodule;
				SWIFT_OPTIMIZATION_LEVEL = "-O";
				VALIDATE_PRODUCT = YES;
			};
			name = Release;
		};
		84F7FA3723EEA92200A92637 /* Debug */ = {
			isa = XCBuildConfiguration;
			baseConfigurationReference = B1ECECE8E47FFC8E70F22E01 /* Pods-sachithsilva-cobsccomp182p-018.debug.xcconfig */;
			buildSettings = {
				ASSETCATALOG_COMPILER_APPICON_NAME = AppIcon;
				CODE_SIGN_STYLE = Automatic;
				INFOPLIST_FILE = "sachithsilva-cobsccomp182p-018/Info.plist";
				LD_RUNPATH_SEARCH_PATHS = (
					"$(inherited)",
					"@executable_path/Frameworks",
				);
				PRODUCT_BUNDLE_IDENTIFIER = "com.coursework.nibm.sachithsilva-cobsccomp182p-018";
				PRODUCT_NAME = "$(TARGET_NAME)";
				SWIFT_VERSION = 5.0;
				TARGETED_DEVICE_FAMILY = "1,2";
			};
			name = Debug;
		};
		84F7FA3823EEA92200A92637 /* Release */ = {
			isa = XCBuildConfiguration;
			baseConfigurationReference = 8978EA56CC4EC1539DC13CF7 /* Pods-sachithsilva-cobsccomp182p-018.release.xcconfig */;
			buildSettings = {
				ASSETCATALOG_COMPILER_APPICON_NAME = AppIcon;
				CODE_SIGN_STYLE = Automatic;
				INFOPLIST_FILE = "sachithsilva-cobsccomp182p-018/Info.plist";
				LD_RUNPATH_SEARCH_PATHS = (
					"$(inherited)",
					"@executable_path/Frameworks",
				);
				PRODUCT_BUNDLE_IDENTIFIER = "com.coursework.nibm.sachithsilva-cobsccomp182p-018";
				PRODUCT_NAME = "$(TARGET_NAME)";
				SWIFT_VERSION = 5.0;
				TARGETED_DEVICE_FAMILY = "1,2";
			};
			name = Release;
		};
		84F7FA3A23EEA92200A92637 /* Debug */ = {
			isa = XCBuildConfiguration;
			baseConfigurationReference = 23147D1B21B8F8A0DB39BB47 /* Pods-sachithsilva-cobsccomp182p-018Tests.debug.xcconfig */;
			buildSettings = {
				ALWAYS_EMBED_SWIFT_STANDARD_LIBRARIES = YES;
				BUNDLE_LOADER = "$(TEST_HOST)";
				CODE_SIGN_STYLE = Automatic;
				INFOPLIST_FILE = "sachithsilva-cobsccomp182p-018Tests/Info.plist";
				LD_RUNPATH_SEARCH_PATHS = (
					"$(inherited)",
					"@executable_path/Frameworks",
					"@loader_path/Frameworks",
				);
				PRODUCT_BUNDLE_IDENTIFIER = "com.coursework.nibm.sachithsilva-cobsccomp182p-018Tests";
				PRODUCT_NAME = "$(TARGET_NAME)";
				SWIFT_VERSION = 5.0;
				TARGETED_DEVICE_FAMILY = "1,2";
				TEST_HOST = "$(BUILT_PRODUCTS_DIR)/sachithsilva-cobsccomp182p-018.app/sachithsilva-cobsccomp182p-018";
			};
			name = Debug;
		};
		84F7FA3B23EEA92200A92637 /* Release */ = {
			isa = XCBuildConfiguration;
			baseConfigurationReference = D11E7E886B6277F1B21CB2E7 /* Pods-sachithsilva-cobsccomp182p-018Tests.release.xcconfig */;
			buildSettings = {
				ALWAYS_EMBED_SWIFT_STANDARD_LIBRARIES = YES;
				BUNDLE_LOADER = "$(TEST_HOST)";
				CODE_SIGN_STYLE = Automatic;
				INFOPLIST_FILE = "sachithsilva-cobsccomp182p-018Tests/Info.plist";
				LD_RUNPATH_SEARCH_PATHS = (
					"$(inherited)",
					"@executable_path/Frameworks",
					"@loader_path/Frameworks",
				);
				PRODUCT_BUNDLE_IDENTIFIER = "com.coursework.nibm.sachithsilva-cobsccomp182p-018Tests";
				PRODUCT_NAME = "$(TARGET_NAME)";
				SWIFT_VERSION = 5.0;
				TARGETED_DEVICE_FAMILY = "1,2";
				TEST_HOST = "$(BUILT_PRODUCTS_DIR)/sachithsilva-cobsccomp182p-018.app/sachithsilva-cobsccomp182p-018";
			};
			name = Release;
		};
		84F7FA3D23EEA92200A92637 /* Debug */ = {
			isa = XCBuildConfiguration;
			baseConfigurationReference = EE2F3CD91AC2993D0060BF9E /* Pods-sachithsilva-cobsccomp182p-018UITests.debug.xcconfig */;
			buildSettings = {
				ALWAYS_EMBED_SWIFT_STANDARD_LIBRARIES = YES;
				CODE_SIGN_STYLE = Automatic;
				INFOPLIST_FILE = "sachithsilva-cobsccomp182p-018UITests/Info.plist";
				LD_RUNPATH_SEARCH_PATHS = (
					"$(inherited)",
					"@executable_path/Frameworks",
					"@loader_path/Frameworks",
				);
				PRODUCT_BUNDLE_IDENTIFIER = "com.coursework.nibm.sachithsilva-cobsccomp182p-018UITests";
				PRODUCT_NAME = "$(TARGET_NAME)";
				SWIFT_VERSION = 5.0;
				TARGETED_DEVICE_FAMILY = "1,2";
				TEST_TARGET_NAME = "sachithsilva-cobsccomp182p-018";
			};
			name = Debug;
		};
		84F7FA3E23EEA92200A92637 /* Release */ = {
			isa = XCBuildConfiguration;
			baseConfigurationReference = E92ACE2D9410DC19150BE1FD /* Pods-sachithsilva-cobsccomp182p-018UITests.release.xcconfig */;
			buildSettings = {
				ALWAYS_EMBED_SWIFT_STANDARD_LIBRARIES = YES;
				CODE_SIGN_STYLE = Automatic;
				INFOPLIST_FILE = "sachithsilva-cobsccomp182p-018UITests/Info.plist";
				LD_RUNPATH_SEARCH_PATHS = (
					"$(inherited)",
					"@executable_path/Frameworks",
					"@loader_path/Frameworks",
				);
				PRODUCT_BUNDLE_IDENTIFIER = "com.coursework.nibm.sachithsilva-cobsccomp182p-018UITests";
				PRODUCT_NAME = "$(TARGET_NAME)";
				SWIFT_VERSION = 5.0;
				TARGETED_DEVICE_FAMILY = "1,2";
				TEST_TARGET_NAME = "sachithsilva-cobsccomp182p-018";
			};
			name = Release;
		};
/* End XCBuildConfiguration section */

/* Begin XCConfigurationList section */
		84F7FA0923EEA92100A92637 /* Build configuration list for PBXProject "sachithsilva-cobsccomp182p-018" */ = {
			isa = XCConfigurationList;
			buildConfigurations = (
				84F7FA3423EEA92200A92637 /* Debug */,
				84F7FA3523EEA92200A92637 /* Release */,
			);
			defaultConfigurationIsVisible = 0;
			defaultConfigurationName = Release;
		};
		84F7FA3623EEA92200A92637 /* Build configuration list for PBXNativeTarget "sachithsilva-cobsccomp182p-018" */ = {
			isa = XCConfigurationList;
			buildConfigurations = (
				84F7FA3723EEA92200A92637 /* Debug */,
				84F7FA3823EEA92200A92637 /* Release */,
			);
			defaultConfigurationIsVisible = 0;
			defaultConfigurationName = Release;
		};
		84F7FA3923EEA92200A92637 /* Build configuration list for PBXNativeTarget "sachithsilva-cobsccomp182p-018Tests" */ = {
			isa = XCConfigurationList;
			buildConfigurations = (
				84F7FA3A23EEA92200A92637 /* Debug */,
				84F7FA3B23EEA92200A92637 /* Release */,
			);
			defaultConfigurationIsVisible = 0;
			defaultConfigurationName = Release;
		};
		84F7FA3C23EEA92200A92637 /* Build configuration list for PBXNativeTarget "sachithsilva-cobsccomp182p-018UITests" */ = {
			isa = XCConfigurationList;
			buildConfigurations = (
				84F7FA3D23EEA92200A92637 /* Debug */,
				84F7FA3E23EEA92200A92637 /* Release */,
			);
			defaultConfigurationIsVisible = 0;
			defaultConfigurationName = Release;
		};
/* End XCConfigurationList section */
	};
	rootObject = 84F7FA0623EEA92100A92637 /* Project object */;
}
