// !$*UTF8*$!
{
	archiveVersion = 1;
	classes = {
	};
	objectVersion = 51;
	objects = {

/* Begin PBXBuildFile section */
		46FB3B10E4068A71C21DB94A /* Pods_sachithsilva_cobsccomp182p_018.framework in Frameworks */ = {isa = PBXBuildFile; fileRef = 71A6131A9FC00BF9D6260C75 /* Pods_sachithsilva_cobsccomp182p_018.framework */; };
		539ADA37004EDD29BAF93F02 /* Pods_sachithsilva_cobsccomp182p_018UITests.framework in Frameworks */ = {isa = PBXBuildFile; fileRef = 77BAA5DC538D6E959D65F9BF /* Pods_sachithsilva_cobsccomp182p_018UITests.framework */; };
		840D17C723F9BE7A0059983E /* MyEventTableViewController.swift in Sources */ = {isa = PBXBuildFile; fileRef = 840D17C623F9BE7A0059983E /* MyEventTableViewController.swift */; };
		84656F8123FB0E180060CEE8 /* Switcher.swift in Sources */ = {isa = PBXBuildFile; fileRef = 84656F8023FB0E180060CEE8 /* Switcher.swift */; };
		84F7FA1223EEA92100A92637 /* AppDelegate.swift in Sources */ = {isa = PBXBuildFile; fileRef = 84F7FA1123EEA92100A92637 /* AppDelegate.swift */; };
		84F7FA1723EEA92100A92637 /* Main.storyboard in Resources */ = {isa = PBXBuildFile; fileRef = 84F7FA1523EEA92100A92637 /* Main.storyboard */; };
		84F7FA1923EEA92200A92637 /* Assets.xcassets in Resources */ = {isa = PBXBuildFile; fileRef = 84F7FA1823EEA92200A92637 /* Assets.xcassets */; };
		84F7FA1C23EEA92200A92637 /* LaunchScreen.storyboard in Resources */ = {isa = PBXBuildFile; fileRef = 84F7FA1A23EEA92200A92637 /* LaunchScreen.storyboard */; };
		84F7FA2723EEA92200A92637 /* sachithsilva_cobsccomp182p_018Tests.swift in Sources */ = {isa = PBXBuildFile; fileRef = 84F7FA2623EEA92200A92637 /* sachithsilva_cobsccomp182p_018Tests.swift */; };
		84F7FA3223EEA92200A92637 /* sachithsilva_cobsccomp182p_018UITests.swift in Sources */ = {isa = PBXBuildFile; fileRef = 84F7FA3123EEA92200A92637 /* sachithsilva_cobsccomp182p_018UITests.swift */; };
		84F7FA4823EEC8C000A92637 /* GoogleService-Info.plist in Resources */ = {isa = PBXBuildFile; fileRef = 84F7FA4723EEC8C000A92637 /* GoogleService-Info.plist */; };
		84F7FA4A23EEDB5D00A92637 /* RootViewController.swift in Sources */ = {isa = PBXBuildFile; fileRef = 84F7FA4923EEDB5D00A92637 /* RootViewController.swift */; };
		84F7FA4C23EEDBB700A92637 /* AuthViewController.swift in Sources */ = {isa = PBXBuildFile; fileRef = 84F7FA4B23EEDBB700A92637 /* AuthViewController.swift */; };
		84F7FA4E23EEF4DF00A92637 /* UserRegisterViewController.swift in Sources */ = {isa = PBXBuildFile; fileRef = 84F7FA4D23EEF4DF00A92637 /* UserRegisterViewController.swift */; };
		84F7FA5423F0745A00A92637 /* RecentEventTableViewController.swift in Sources */ = {isa = PBXBuildFile; fileRef = 84F7FA5323F0745A00A92637 /* RecentEventTableViewController.swift */; };
		84F7FA5823F1CFD100A92637 /* Social.framework in Frameworks */ = {isa = PBXBuildFile; fileRef = 84F7FA5723F1CFD100A92637 /* Social.framework */; };
		84F7FA5C23F1D0F900A92637 /* UserProfileViewController.swift in Sources */ = {isa = PBXBuildFile; fileRef = 84F7FA5B23F1D0F900A92637 /* UserProfileViewController.swift */; };
		CE1D2C5E23F09A3600374E1D /* CustomTableViewCell.swift in Sources */ = {isa = PBXBuildFile; fileRef = CE1D2C5D23F09A3600374E1D /* CustomTableViewCell.swift */; };
		CE77CC9123F418EC004772F4 /* Event.swift in Sources */ = {isa = PBXBuildFile; fileRef = CE77CC9023F418EC004772F4 /* Event.swift */; };
		CE8ECA2123F4897500E983F9 /* EventDetailViewController.swift in Sources */ = {isa = PBXBuildFile; fileRef = CE8ECA2023F4897500E983F9 /* EventDetailViewController.swift */; };
		CE8ECA2323F4899B00E983F9 /* AddEventViewController.swift in Sources */ = {isa = PBXBuildFile; fileRef = CE8ECA2223F4899B00E983F9 /* AddEventViewController.swift */; };
		CEB78E2723F2630300CA7BFE /* User.swift in Sources */ = {isa = PBXBuildFile; fileRef = CEB78E2623F2630300CA7BFE /* User.swift */; };
		CED9C2EB23F1AA5E00875EE5 /* FirebaseManager.swift in Sources */ = {isa = PBXBuildFile; fileRef = CED9C2EA23F1AA5E00875EE5 /* FirebaseManager.swift */; };
		EE27BFBCB3926F9AEBB2C7CB /* Pods_sachithsilva_cobsccomp182p_018Tests.framework in Frameworks */ = {isa = PBXBuildFile; fileRef = 77AED15E8EE75F2802311500 /* Pods_sachithsilva_cobsccomp182p_018Tests.framework */; };
/* End PBXBuildFile section */

/* Begin PBXContainerItemProxy section */
		84F7FA2323EEA92200A92637 /* PBXContainerItemProxy */ = {
			isa = PBXContainerItemProxy;
			containerPortal = 84F7FA0623EEA92100A92637 /* Project object */;
			proxyType = 1;
			remoteGlobalIDString = 84F7FA0D23EEA92100A92637;
			remoteInfo = "sachithsilva-cobsccomp182p-018";
		};
		84F7FA2E23EEA92200A92637 /* PBXContainerItemProxy */ = {
			isa = PBXContainerItemProxy;
			containerPortal = 84F7FA0623EEA92100A92637 /* Project object */;
			proxyType = 1;
			remoteGlobalIDString = 84F7FA0D23EEA92100A92637;
			remoteInfo = "sachithsilva-cobsccomp182p-018";
		};
/* End PBXContainerItemProxy section */

/* Begin PBXFileReference section */
		17DDC1AB3596820564D74B53 /* Pods-sachithsilva-cobsccomp182p-018.release.xcconfig */ = {isa = PBXFileReference; includeInIndex = 1; lastKnownFileType = text.xcconfig; name = "Pods-sachithsilva-cobsccomp182p-018.release.xcconfig"; path = "Target Support Files/Pods-sachithsilva-cobsccomp182p-018/Pods-sachithsilva-cobsccomp182p-018.release.xcconfig"; sourceTree = "<group>"; };
		63E82591843ABCF498815F6F /* Pods-sachithsilva-cobsccomp182p-018UITests.debug.xcconfig */ = {isa = PBXFileReference; includeInIndex = 1; lastKnownFileType = text.xcconfig; name = "Pods-sachithsilva-cobsccomp182p-018UITests.debug.xcconfig"; path = "Target Support Files/Pods-sachithsilva-cobsccomp182p-018UITests/Pods-sachithsilva-cobsccomp182p-018UITests.debug.xcconfig"; sourceTree = "<group>"; };
		71A6131A9FC00BF9D6260C75 /* Pods_sachithsilva_cobsccomp182p_018.framework */ = {isa = PBXFileReference; explicitFileType = wrapper.framework; includeInIndex = 0; path = Pods_sachithsilva_cobsccomp182p_018.framework; sourceTree = BUILT_PRODUCTS_DIR; };
		77AED15E8EE75F2802311500 /* Pods_sachithsilva_cobsccomp182p_018Tests.framework */ = {isa = PBXFileReference; explicitFileType = wrapper.framework; includeInIndex = 0; path = Pods_sachithsilva_cobsccomp182p_018Tests.framework; sourceTree = BUILT_PRODUCTS_DIR; };
		77BAA5DC538D6E959D65F9BF /* Pods_sachithsilva_cobsccomp182p_018UITests.framework */ = {isa = PBXFileReference; explicitFileType = wrapper.framework; includeInIndex = 0; path = Pods_sachithsilva_cobsccomp182p_018UITests.framework; sourceTree = BUILT_PRODUCTS_DIR; };
		840D17C623F9BE7A0059983E /* MyEventTableViewController.swift */ = {isa = PBXFileReference; lastKnownFileType = sourcecode.swift; path = MyEventTableViewController.swift; sourceTree = "<group>"; };
		84656F8023FB0E180060CEE8 /* Switcher.swift */ = {isa = PBXFileReference; lastKnownFileType = sourcecode.swift; path = Switcher.swift; sourceTree = "<group>"; };
		84F7FA0E23EEA92100A92637 /* sachithsilva-cobsccomp182p-018.app */ = {isa = PBXFileReference; explicitFileType = wrapper.application; includeInIndex = 0; path = "sachithsilva-cobsccomp182p-018.app"; sourceTree = BUILT_PRODUCTS_DIR; };
		84F7FA1123EEA92100A92637 /* AppDelegate.swift */ = {isa = PBXFileReference; lastKnownFileType = sourcecode.swift; path = AppDelegate.swift; sourceTree = "<group>"; };
		84F7FA1623EEA92100A92637 /* Base */ = {isa = PBXFileReference; lastKnownFileType = file.storyboard; name = Base; path = Base.lproj/Main.storyboard; sourceTree = "<group>"; };
		84F7FA1823EEA92200A92637 /* Assets.xcassets */ = {isa = PBXFileReference; lastKnownFileType = folder.assetcatalog; path = Assets.xcassets; sourceTree = "<group>"; };
		84F7FA1B23EEA92200A92637 /* Base */ = {isa = PBXFileReference; lastKnownFileType = file.storyboard; name = Base; path = Base.lproj/LaunchScreen.storyboard; sourceTree = "<group>"; };
		84F7FA1D23EEA92200A92637 /* Info.plist */ = {isa = PBXFileReference; lastKnownFileType = text.plist.xml; path = Info.plist; sourceTree = "<group>"; };
		84F7FA2223EEA92200A92637 /* sachithsilva-cobsccomp182p-018Tests.xctest */ = {isa = PBXFileReference; explicitFileType = wrapper.cfbundle; includeInIndex = 0; path = "sachithsilva-cobsccomp182p-018Tests.xctest"; sourceTree = BUILT_PRODUCTS_DIR; };
		84F7FA2623EEA92200A92637 /* sachithsilva_cobsccomp182p_018Tests.swift */ = {isa = PBXFileReference; lastKnownFileType = sourcecode.swift; path = sachithsilva_cobsccomp182p_018Tests.swift; sourceTree = "<group>"; };
		84F7FA2823EEA92200A92637 /* Info.plist */ = {isa = PBXFileReference; lastKnownFileType = text.plist.xml; path = Info.plist; sourceTree = "<group>"; };
		84F7FA2D23EEA92200A92637 /* sachithsilva-cobsccomp182p-018UITests.xctest */ = {isa = PBXFileReference; explicitFileType = wrapper.cfbundle; includeInIndex = 0; path = "sachithsilva-cobsccomp182p-018UITests.xctest"; sourceTree = BUILT_PRODUCTS_DIR; };
		84F7FA3123EEA92200A92637 /* sachithsilva_cobsccomp182p_018UITests.swift */ = {isa = PBXFileReference; lastKnownFileType = sourcecode.swift; path = sachithsilva_cobsccomp182p_018UITests.swift; sourceTree = "<group>"; };
		84F7FA3323EEA92200A92637 /* Info.plist */ = {isa = PBXFileReference; lastKnownFileType = text.plist.xml; path = Info.plist; sourceTree = "<group>"; };
		84F7FA4723EEC8C000A92637 /* GoogleService-Info.plist */ = {isa = PBXFileReference; fileEncoding = 4; lastKnownFileType = text.plist.xml; path = "GoogleService-Info.plist"; sourceTree = "<group>"; };
		84F7FA4923EEDB5D00A92637 /* RootViewController.swift */ = {isa = PBXFileReference; lastKnownFileType = sourcecode.swift; path = RootViewController.swift; sourceTree = "<group>"; };
		84F7FA4B23EEDBB700A92637 /* AuthViewController.swift */ = {isa = PBXFileReference; lastKnownFileType = sourcecode.swift; path = AuthViewController.swift; sourceTree = "<group>"; };
		84F7FA4D23EEF4DF00A92637 /* UserRegisterViewController.swift */ = {isa = PBXFileReference; lastKnownFileType = sourcecode.swift; path = UserRegisterViewController.swift; sourceTree = "<group>"; };
		84F7FA5323F0745A00A92637 /* RecentEventTableViewController.swift */ = {isa = PBXFileReference; lastKnownFileType = sourcecode.swift; path = RecentEventTableViewController.swift; sourceTree = "<group>"; };
		84F7FA5723F1CFD100A92637 /* Social.framework */ = {isa = PBXFileReference; lastKnownFileType = wrapper.framework; name = Social.framework; path = System/Library/Frameworks/Social.framework; sourceTree = SDKROOT; };
		84F7FA5B23F1D0F900A92637 /* UserProfileViewController.swift */ = {isa = PBXFileReference; lastKnownFileType = sourcecode.swift; path = UserProfileViewController.swift; sourceTree = "<group>"; };
		A2522550C6506807FFCC1438 /* Pods-sachithsilva-cobsccomp182p-018Tests.debug.xcconfig */ = {isa = PBXFileReference; includeInIndex = 1; lastKnownFileType = text.xcconfig; name = "Pods-sachithsilva-cobsccomp182p-018Tests.debug.xcconfig"; path = "Target Support Files/Pods-sachithsilva-cobsccomp182p-018Tests/Pods-sachithsilva-cobsccomp182p-018Tests.debug.xcconfig"; sourceTree = "<group>"; };
		CE1D2C5D23F09A3600374E1D /* CustomTableViewCell.swift */ = {isa = PBXFileReference; lastKnownFileType = sourcecode.swift; path = CustomTableViewCell.swift; sourceTree = "<group>"; };
		CE77CC9023F418EC004772F4 /* Event.swift */ = {isa = PBXFileReference; lastKnownFileType = sourcecode.swift; name = Event.swift; path = "sachithsilva-cobsccomp182p-018/Event.swift"; sourceTree = SOURCE_ROOT; };
		CE8ECA2023F4897500E983F9 /* EventDetailViewController.swift */ = {isa = PBXFileReference; lastKnownFileType = sourcecode.swift; path = EventDetailViewController.swift; sourceTree = "<group>"; };
		CE8ECA2223F4899B00E983F9 /* AddEventViewController.swift */ = {isa = PBXFileReference; lastKnownFileType = sourcecode.swift; path = AddEventViewController.swift; sourceTree = "<group>"; };
		CEB78E2623F2630300CA7BFE /* User.swift */ = {isa = PBXFileReference; lastKnownFileType = sourcecode.swift; name = User.swift; path = "sachithsilva-cobsccomp182p-018/User.swift"; sourceTree = SOURCE_ROOT; };
		CED9C2EA23F1AA5E00875EE5 /* FirebaseManager.swift */ = {isa = PBXFileReference; lastKnownFileType = sourcecode.swift; path = FirebaseManager.swift; sourceTree = "<group>"; };
		E65142E38CDD008D2929353F /* Pods-sachithsilva-cobsccomp182p-018.debug.xcconfig */ = {isa = PBXFileReference; includeInIndex = 1; lastKnownFileType = text.xcconfig; name = "Pods-sachithsilva-cobsccomp182p-018.debug.xcconfig"; path = "Target Support Files/Pods-sachithsilva-cobsccomp182p-018/Pods-sachithsilva-cobsccomp182p-018.debug.xcconfig"; sourceTree = "<group>"; };
		F12976015865B910FB7D76AF /* Pods-sachithsilva-cobsccomp182p-018UITests.release.xcconfig */ = {isa = PBXFileReference; includeInIndex = 1; lastKnownFileType = text.xcconfig; name = "Pods-sachithsilva-cobsccomp182p-018UITests.release.xcconfig"; path = "Target Support Files/Pods-sachithsilva-cobsccomp182p-018UITests/Pods-sachithsilva-cobsccomp182p-018UITests.release.xcconfig"; sourceTree = "<group>"; };
		F27EED7DCACFF45E694C2F0D /* Pods-sachithsilva-cobsccomp182p-018Tests.release.xcconfig */ = {isa = PBXFileReference; includeInIndex = 1; lastKnownFileType = text.xcconfig; name = "Pods-sachithsilva-cobsccomp182p-018Tests.release.xcconfig"; path = "Target Support Files/Pods-sachithsilva-cobsccomp182p-018Tests/Pods-sachithsilva-cobsccomp182p-018Tests.release.xcconfig"; sourceTree = "<group>"; };
/* End PBXFileReference section */

/* Begin PBXFrameworksBuildPhase section */
		84F7FA0B23EEA92100A92637 /* Frameworks */ = {
			isa = PBXFrameworksBuildPhase;
			buildActionMask = 2147483647;
			files = (
				46FB3B10E4068A71C21DB94A /* Pods_sachithsilva_cobsccomp182p_018.framework in Frameworks */,
				84F7FA5823F1CFD100A92637 /* Social.framework in Frameworks */,
			);
			runOnlyForDeploymentPostprocessing = 0;
		};
		84F7FA1F23EEA92200A92637 /* Frameworks */ = {
			isa = PBXFrameworksBuildPhase;
			buildActionMask = 2147483647;
			files = (
				EE27BFBCB3926F9AEBB2C7CB /* Pods_sachithsilva_cobsccomp182p_018Tests.framework in Frameworks */,
			);
			runOnlyForDeploymentPostprocessing = 0;
		};
		84F7FA2A23EEA92200A92637 /* Frameworks */ = {
			isa = PBXFrameworksBuildPhase;
			buildActionMask = 2147483647;
			files = (
				539ADA37004EDD29BAF93F02 /* Pods_sachithsilva_cobsccomp182p_018UITests.framework in Frameworks */,
			);
			runOnlyForDeploymentPostprocessing = 0;
		};
/* End PBXFrameworksBuildPhase section */

/* Begin PBXGroup section */
		10F0CEAFE3B0D4150A4936DA /* Frameworks */ = {
			isa = PBXGroup;
			children = (
				84F7FA5723F1CFD100A92637 /* Social.framework */,
				71A6131A9FC00BF9D6260C75 /* Pods_sachithsilva_cobsccomp182p_018.framework */,
				77AED15E8EE75F2802311500 /* Pods_sachithsilva_cobsccomp182p_018Tests.framework */,
				77BAA5DC538D6E959D65F9BF /* Pods_sachithsilva_cobsccomp182p_018UITests.framework */,
			);
			name = Frameworks;
			sourceTree = "<group>";
		};
		492D0D1A70E477916563ABF3 /* Pods */ = {
			isa = PBXGroup;
			children = (
				E65142E38CDD008D2929353F /* Pods-sachithsilva-cobsccomp182p-018.debug.xcconfig */,
				17DDC1AB3596820564D74B53 /* Pods-sachithsilva-cobsccomp182p-018.release.xcconfig */,
				A2522550C6506807FFCC1438 /* Pods-sachithsilva-cobsccomp182p-018Tests.debug.xcconfig */,
				F27EED7DCACFF45E694C2F0D /* Pods-sachithsilva-cobsccomp182p-018Tests.release.xcconfig */,
				63E82591843ABCF498815F6F /* Pods-sachithsilva-cobsccomp182p-018UITests.debug.xcconfig */,
				F12976015865B910FB7D76AF /* Pods-sachithsilva-cobsccomp182p-018UITests.release.xcconfig */,
			);
			path = Pods;
			sourceTree = "<group>";
		};
		84F7FA0523EEA92100A92637 = {
			isa = PBXGroup;
			children = (
				84F7FA1023EEA92100A92637 /* sachithsilva-cobsccomp182p-018 */,
				84F7FA2523EEA92200A92637 /* sachithsilva-cobsccomp182p-018Tests */,
				84F7FA3023EEA92200A92637 /* sachithsilva-cobsccomp182p-018UITests */,
				84F7FA0F23EEA92100A92637 /* Products */,
				492D0D1A70E477916563ABF3 /* Pods */,
				10F0CEAFE3B0D4150A4936DA /* Frameworks */,
			);
			sourceTree = "<group>";
		};
		84F7FA0F23EEA92100A92637 /* Products */ = {
			isa = PBXGroup;
			children = (
				84F7FA0E23EEA92100A92637 /* sachithsilva-cobsccomp182p-018.app */,
				84F7FA2223EEA92200A92637 /* sachithsilva-cobsccomp182p-018Tests.xctest */,
				84F7FA2D23EEA92200A92637 /* sachithsilva-cobsccomp182p-018UITests.xctest */,
			);
			name = Products;
			sourceTree = "<group>";
		};
		84F7FA1023EEA92100A92637 /* sachithsilva-cobsccomp182p-018 */ = {
			isa = PBXGroup;
			children = (
				84F7FA4123EEC01D00A92637 /* Controller */,
				84F7FA4023EEC00900A92637 /* View */,
				84F7FA3F23EEBFE900A92637 /* Model */,
				84F7FA1123EEA92100A92637 /* AppDelegate.swift */,
				84F7FA1823EEA92200A92637 /* Assets.xcassets */,
				84F7FA1D23EEA92200A92637 /* Info.plist */,
				84F7FA4723EEC8C000A92637 /* GoogleService-Info.plist */,
				CED9C2EA23F1AA5E00875EE5 /* FirebaseManager.swift */,
				84656F8023FB0E180060CEE8 /* Switcher.swift */,
			);
			path = "sachithsilva-cobsccomp182p-018";
			sourceTree = "<group>";
		};
		84F7FA2523EEA92200A92637 /* sachithsilva-cobsccomp182p-018Tests */ = {
			isa = PBXGroup;
			children = (
				84F7FA2623EEA92200A92637 /* sachithsilva_cobsccomp182p_018Tests.swift */,
				84F7FA2823EEA92200A92637 /* Info.plist */,
			);
			path = "sachithsilva-cobsccomp182p-018Tests";
			sourceTree = "<group>";
		};
		84F7FA3023EEA92200A92637 /* sachithsilva-cobsccomp182p-018UITests */ = {
			isa = PBXGroup;
			children = (
				84F7FA3123EEA92200A92637 /* sachithsilva_cobsccomp182p_018UITests.swift */,
				84F7FA3323EEA92200A92637 /* Info.plist */,
			);
			path = "sachithsilva-cobsccomp182p-018UITests";
			sourceTree = "<group>";
		};
		84F7FA3F23EEBFE900A92637 /* Model */ = {
			isa = PBXGroup;
			children = (
				CEB78E2623F2630300CA7BFE /* User.swift */,
				CE77CC9023F418EC004772F4 /* Event.swift */,
			);
			path = Model;
			sourceTree = "<group>";
		};
		84F7FA4023EEC00900A92637 /* View */ = {
			isa = PBXGroup;
			children = (
				84F7FA1523EEA92100A92637 /* Main.storyboard */,
				84F7FA1A23EEA92200A92637 /* LaunchScreen.storyboard */,
			);
			path = View;
			sourceTree = "<group>";
		};
		84F7FA4123EEC01D00A92637 /* Controller */ = {
			isa = PBXGroup;
			children = (
				84F7FA4923EEDB5D00A92637 /* RootViewController.swift */,
				84F7FA4B23EEDBB700A92637 /* AuthViewController.swift */,
				84F7FA4D23EEF4DF00A92637 /* UserRegisterViewController.swift */,
				84F7FA5323F0745A00A92637 /* RecentEventTableViewController.swift */,
				CE1D2C5D23F09A3600374E1D /* CustomTableViewCell.swift */,
				84F7FA5B23F1D0F900A92637 /* UserProfileViewController.swift */,
				CE8ECA2023F4897500E983F9 /* EventDetailViewController.swift */,
				CE8ECA2223F4899B00E983F9 /* AddEventViewController.swift */,
				840D17C623F9BE7A0059983E /* MyEventTableViewController.swift */,
			);
			path = Controller;
			sourceTree = "<group>";
		};
/* End PBXGroup section */

/* Begin PBXNativeTarget section */
		84F7FA0D23EEA92100A92637 /* sachithsilva-cobsccomp182p-018 */ = {
			isa = PBXNativeTarget;
			buildConfigurationList = 84F7FA3623EEA92200A92637 /* Build configuration list for PBXNativeTarget "sachithsilva-cobsccomp182p-018" */;
			buildPhases = (
				3D358C17FAE03557FC088589 /* [CP] Check Pods Manifest.lock */,
				84F7FA0A23EEA92100A92637 /* Sources */,
				84F7FA0B23EEA92100A92637 /* Frameworks */,
				84F7FA0C23EEA92100A92637 /* Resources */,
				E7499AF5295680D17D52A5B2 /* [CP] Embed Pods Frameworks */,
			);
			buildRules = (
			);
			dependencies = (
			);
			name = "sachithsilva-cobsccomp182p-018";
			productName = "sachithsilva-cobsccomp182p-018";
			productReference = 84F7FA0E23EEA92100A92637 /* sachithsilva-cobsccomp182p-018.app */;
			productType = "com.apple.product-type.application";
		};
		84F7FA2123EEA92200A92637 /* sachithsilva-cobsccomp182p-018Tests */ = {
			isa = PBXNativeTarget;
			buildConfigurationList = 84F7FA3923EEA92200A92637 /* Build configuration list for PBXNativeTarget "sachithsilva-cobsccomp182p-018Tests" */;
			buildPhases = (
				FC0BA032FE5E2E7244755E36 /* [CP] Check Pods Manifest.lock */,
				84F7FA1E23EEA92200A92637 /* Sources */,
				84F7FA1F23EEA92200A92637 /* Frameworks */,
				84F7FA2023EEA92200A92637 /* Resources */,
				D9B3DA646C6BDEF92BEF6422 /* [CP] Embed Pods Frameworks */,
			);
			buildRules = (
			);
			dependencies = (
				84F7FA2423EEA92200A92637 /* PBXTargetDependency */,
			);
			name = "sachithsilva-cobsccomp182p-018Tests";
			productName = "sachithsilva-cobsccomp182p-018Tests";
			productReference = 84F7FA2223EEA92200A92637 /* sachithsilva-cobsccomp182p-018Tests.xctest */;
			productType = "com.apple.product-type.bundle.unit-test";
		};
		84F7FA2C23EEA92200A92637 /* sachithsilva-cobsccomp182p-018UITests */ = {
			isa = PBXNativeTarget;
			buildConfigurationList = 84F7FA3C23EEA92200A92637 /* Build configuration list for PBXNativeTarget "sachithsilva-cobsccomp182p-018UITests" */;
			buildPhases = (
				697DD5D3649691859D8F65A9 /* [CP] Check Pods Manifest.lock */,
				84F7FA2923EEA92200A92637 /* Sources */,
				84F7FA2A23EEA92200A92637 /* Frameworks */,
				84F7FA2B23EEA92200A92637 /* Resources */,
				A0A97E53EEE2AC4B94B8C7AA /* [CP] Embed Pods Frameworks */,
			);
			buildRules = (
			);
			dependencies = (
				84F7FA2F23EEA92200A92637 /* PBXTargetDependency */,
			);
			name = "sachithsilva-cobsccomp182p-018UITests";
			productName = "sachithsilva-cobsccomp182p-018UITests";
			productReference = 84F7FA2D23EEA92200A92637 /* sachithsilva-cobsccomp182p-018UITests.xctest */;
			productType = "com.apple.product-type.bundle.ui-testing";
		};
/* End PBXNativeTarget section */

/* Begin PBXProject section */
		84F7FA0623EEA92100A92637 /* Project object */ = {
			isa = PBXProject;
			attributes = {
				LastSwiftUpdateCheck = 1020;
				LastUpgradeCheck = 1020;
				ORGANIZATIONNAME = NIBM;
				TargetAttributes = {
					84F7FA0D23EEA92100A92637 = {
						CreatedOnToolsVersion = 10.2.1;
					};
					84F7FA2123EEA92200A92637 = {
						CreatedOnToolsVersion = 10.2.1;
						TestTargetID = 84F7FA0D23EEA92100A92637;
					};
					84F7FA2C23EEA92200A92637 = {
						CreatedOnToolsVersion = 10.2.1;
						TestTargetID = 84F7FA0D23EEA92100A92637;
					};
				};
			};
			buildConfigurationList = 84F7FA0923EEA92100A92637 /* Build configuration list for PBXProject "sachithsilva-cobsccomp182p-018" */;
			compatibilityVersion = "Xcode 9.3";
			developmentRegion = en;
			hasScannedForEncodings = 0;
			knownRegions = (
				en,
				Base,
			);
			mainGroup = 84F7FA0523EEA92100A92637;
			productRefGroup = 84F7FA0F23EEA92100A92637 /* Products */;
			projectDirPath = "";
			projectRoot = "";
			targets = (
				84F7FA0D23EEA92100A92637 /* sachithsilva-cobsccomp182p-018 */,
				84F7FA2123EEA92200A92637 /* sachithsilva-cobsccomp182p-018Tests */,
				84F7FA2C23EEA92200A92637 /* sachithsilva-cobsccomp182p-018UITests */,
			);
		};
/* End PBXProject section */

/* Begin PBXResourcesBuildPhase section */
		84F7FA0C23EEA92100A92637 /* Resources */ = {
			isa = PBXResourcesBuildPhase;
			buildActionMask = 2147483647;
			files = (
				84F7FA1C23EEA92200A92637 /* LaunchScreen.storyboard in Resources */,
				84F7FA4823EEC8C000A92637 /* GoogleService-Info.plist in Resources */,
				84F7FA1923EEA92200A92637 /* Assets.xcassets in Resources */,
				84F7FA1723EEA92100A92637 /* Main.storyboard in Resources */,
			);
			runOnlyForDeploymentPostprocessing = 0;
		};
		84F7FA2023EEA92200A92637 /* Resources */ = {
			isa = PBXResourcesBuildPhase;
			buildActionMask = 2147483647;
			files = (
			);
			runOnlyForDeploymentPostprocessing = 0;
		};
		84F7FA2B23EEA92200A92637 /* Resources */ = {
			isa = PBXResourcesBuildPhase;
			buildActionMask = 2147483647;
			files = (
			);
			runOnlyForDeploymentPostprocessing = 0;
		};
/* End PBXResourcesBuildPhase section */

/* Begin PBXShellScriptBuildPhase section */
		3D358C17FAE03557FC088589 /* [CP] Check Pods Manifest.lock */ = {
			isa = PBXShellScriptBuildPhase;
			buildActionMask = 2147483647;
			files = (
			);
			inputFileListPaths = (
			);
			inputPaths = (
				"${PODS_PODFILE_DIR_PATH}/Podfile.lock",
				"${PODS_ROOT}/Manifest.lock",
			);
			name = "[CP] Check Pods Manifest.lock";
			outputFileListPaths = (
			);
			outputPaths = (
				"$(DERIVED_FILE_DIR)/Pods-sachithsilva-cobsccomp182p-018-checkManifestLockResult.txt",
			);
			runOnlyForDeploymentPostprocessing = 0;
			shellPath = /bin/sh;
			shellScript = "diff \"${PODS_PODFILE_DIR_PATH}/Podfile.lock\" \"${PODS_ROOT}/Manifest.lock\" > /dev/null\nif [ $? != 0 ] ; then\n    # print error to STDERR\n    echo \"error: The sandbox is not in sync with the Podfile.lock. Run 'pod install' or update your CocoaPods installation.\" >&2\n    exit 1\nfi\n# This output is used by Xcode 'outputs' to avoid re-running this script phase.\necho \"SUCCESS\" > \"${SCRIPT_OUTPUT_FILE_0}\"\n";
			showEnvVarsInLog = 0;
		};
		697DD5D3649691859D8F65A9 /* [CP] Check Pods Manifest.lock */ = {
			isa = PBXShellScriptBuildPhase;
			buildActionMask = 2147483647;
			files = (
			);
			inputFileListPaths = (
			);
			inputPaths = (
				"${PODS_PODFILE_DIR_PATH}/Podfile.lock",
				"${PODS_ROOT}/Manifest.lock",
			);
			name = "[CP] Check Pods Manifest.lock";
			outputFileListPaths = (
			);
			outputPaths = (
				"$(DERIVED_FILE_DIR)/Pods-sachithsilva-cobsccomp182p-018UITests-checkManifestLockResult.txt",
			);
			runOnlyForDeploymentPostprocessing = 0;
			shellPath = /bin/sh;
			shellScript = "diff \"${PODS_PODFILE_DIR_PATH}/Podfile.lock\" \"${PODS_ROOT}/Manifest.lock\" > /dev/null\nif [ $? != 0 ] ; then\n    # print error to STDERR\n    echo \"error: The sandbox is not in sync with the Podfile.lock. Run 'pod install' or update your CocoaPods installation.\" >&2\n    exit 1\nfi\n# This output is used by Xcode 'outputs' to avoid re-running this script phase.\necho \"SUCCESS\" > \"${SCRIPT_OUTPUT_FILE_0}\"\n";
			showEnvVarsInLog = 0;
		};
		A0A97E53EEE2AC4B94B8C7AA /* [CP] Embed Pods Frameworks */ = {
			isa = PBXShellScriptBuildPhase;
			buildActionMask = 2147483647;
			files = (
			);
			inputFileListPaths = (
				"${PODS_ROOT}/Target Support Files/Pods-sachithsilva-cobsccomp182p-018UITests/Pods-sachithsilva-cobsccomp182p-018UITests-frameworks-${CONFIGURATION}-input-files.xcfilelist",
			);
			name = "[CP] Embed Pods Frameworks";
			outputFileListPaths = (
				"${PODS_ROOT}/Target Support Files/Pods-sachithsilva-cobsccomp182p-018UITests/Pods-sachithsilva-cobsccomp182p-018UITests-frameworks-${CONFIGURATION}-output-files.xcfilelist",
			);
			runOnlyForDeploymentPostprocessing = 0;
			shellPath = /bin/sh;
			shellScript = "\"${PODS_ROOT}/Target Support Files/Pods-sachithsilva-cobsccomp182p-018UITests/Pods-sachithsilva-cobsccomp182p-018UITests-frameworks.sh\"\n";
			showEnvVarsInLog = 0;
		};
		D9B3DA646C6BDEF92BEF6422 /* [CP] Embed Pods Frameworks */ = {
			isa = PBXShellScriptBuildPhase;
			buildActionMask = 2147483647;
			files = (
			);
			inputFileListPaths = (
				"${PODS_ROOT}/Target Support Files/Pods-sachithsilva-cobsccomp182p-018Tests/Pods-sachithsilva-cobsccomp182p-018Tests-frameworks-${CONFIGURATION}-input-files.xcfilelist",
			);
			name = "[CP] Embed Pods Frameworks";
			outputFileListPaths = (
				"${PODS_ROOT}/Target Support Files/Pods-sachithsilva-cobsccomp182p-018Tests/Pods-sachithsilva-cobsccomp182p-018Tests-frameworks-${CONFIGURATION}-output-files.xcfilelist",
			);
			runOnlyForDeploymentPostprocessing = 0;
			shellPath = /bin/sh;
			shellScript = "\"${PODS_ROOT}/Target Support Files/Pods-sachithsilva-cobsccomp182p-018Tests/Pods-sachithsilva-cobsccomp182p-018Tests-frameworks.sh\"\n";
			showEnvVarsInLog = 0;
		};
		E7499AF5295680D17D52A5B2 /* [CP] Embed Pods Frameworks */ = {
			isa = PBXShellScriptBuildPhase;
			buildActionMask = 2147483647;
			files = (
			);
			inputFileListPaths = (
				"${PODS_ROOT}/Target Support Files/Pods-sachithsilva-cobsccomp182p-018/Pods-sachithsilva-cobsccomp182p-018-frameworks-${CONFIGURATION}-input-files.xcfilelist",
			);
			name = "[CP] Embed Pods Frameworks";
			outputFileListPaths = (
				"${PODS_ROOT}/Target Support Files/Pods-sachithsilva-cobsccomp182p-018/Pods-sachithsilva-cobsccomp182p-018-frameworks-${CONFIGURATION}-output-files.xcfilelist",
			);
			runOnlyForDeploymentPostprocessing = 0;
			shellPath = /bin/sh;
			shellScript = "\"${PODS_ROOT}/Target Support Files/Pods-sachithsilva-cobsccomp182p-018/Pods-sachithsilva-cobsccomp182p-018-frameworks.sh\"\n";
			showEnvVarsInLog = 0;
		};
		FC0BA032FE5E2E7244755E36 /* [CP] Check Pods Manifest.lock */ = {
			isa = PBXShellScriptBuildPhase;
			buildActionMask = 2147483647;
			files = (
			);
			inputFileListPaths = (
			);
			inputPaths = (
				"${PODS_PODFILE_DIR_PATH}/Podfile.lock",
				"${PODS_ROOT}/Manifest.lock",
			);
			name = "[CP] Check Pods Manifest.lock";
			outputFileListPaths = (
			);
			outputPaths = (
				"$(DERIVED_FILE_DIR)/Pods-sachithsilva-cobsccomp182p-018Tests-checkManifestLockResult.txt",
			);
			runOnlyForDeploymentPostprocessing = 0;
			shellPath = /bin/sh;
			shellScript = "diff \"${PODS_PODFILE_DIR_PATH}/Podfile.lock\" \"${PODS_ROOT}/Manifest.lock\" > /dev/null\nif [ $? != 0 ] ; then\n    # print error to STDERR\n    echo \"error: The sandbox is not in sync with the Podfile.lock. Run 'pod install' or update your CocoaPods installation.\" >&2\n    exit 1\nfi\n# This output is used by Xcode 'outputs' to avoid re-running this script phase.\necho \"SUCCESS\" > \"${SCRIPT_OUTPUT_FILE_0}\"\n";
			showEnvVarsInLog = 0;
		};
/* End PBXShellScriptBuildPhase section */

/* Begin PBXSourcesBuildPhase section */
		84F7FA0A23EEA92100A92637 /* Sources */ = {
			isa = PBXSourcesBuildPhase;
			buildActionMask = 2147483647;
			files = (
				84F7FA1223EEA92100A92637 /* AppDelegate.swift in Sources */,
				CE8ECA2323F4899B00E983F9 /* AddEventViewController.swift in Sources */,
				840D17C723F9BE7A0059983E /* MyEventTableViewController.swift in Sources */,
				84F7FA5C23F1D0F900A92637 /* UserProfileViewController.swift in Sources */,
				84656F8123FB0E180060CEE8 /* Switcher.swift in Sources */,
				84F7FA5423F0745A00A92637 /* RecentEventTableViewController.swift in Sources */,
				CE1D2C5E23F09A3600374E1D /* CustomTableViewCell.swift in Sources */,
				CE77CC9123F418EC004772F4 /* Event.swift in Sources */,
				CED9C2EB23F1AA5E00875EE5 /* FirebaseManager.swift in Sources */,
				84F7FA4C23EEDBB700A92637 /* AuthViewController.swift in Sources */,
				84F7FA4E23EEF4DF00A92637 /* UserRegisterViewController.swift in Sources */,
				84F7FA4A23EEDB5D00A92637 /* RootViewController.swift in Sources */,
				CE8ECA2123F4897500E983F9 /* EventDetailViewController.swift in Sources */,
				CEB78E2723F2630300CA7BFE /* User.swift in Sources */,
			);
			runOnlyForDeploymentPostprocessing = 0;
		};
		84F7FA1E23EEA92200A92637 /* Sources */ = {
			isa = PBXSourcesBuildPhase;
			buildActionMask = 2147483647;
			files = (
				84F7FA2723EEA92200A92637 /* sachithsilva_cobsccomp182p_018Tests.swift in Sources */,
			);
			runOnlyForDeploymentPostprocessing = 0;
		};
		84F7FA2923EEA92200A92637 /* Sources */ = {
			isa = PBXSourcesBuildPhase;
			buildActionMask = 2147483647;
			files = (
				84F7FA3223EEA92200A92637 /* sachithsilva_cobsccomp182p_018UITests.swift in Sources */,
			);
			runOnlyForDeploymentPostprocessing = 0;
		};
/* End PBXSourcesBuildPhase section */

/* Begin PBXTargetDependency section */
		84F7FA2423EEA92200A92637 /* PBXTargetDependency */ = {
			isa = PBXTargetDependency;
			target = 84F7FA0D23EEA92100A92637 /* sachithsilva-cobsccomp182p-018 */;
			targetProxy = 84F7FA2323EEA92200A92637 /* PBXContainerItemProxy */;
		};
		84F7FA2F23EEA92200A92637 /* PBXTargetDependency */ = {
			isa = PBXTargetDependency;
			target = 84F7FA0D23EEA92100A92637 /* sachithsilva-cobsccomp182p-018 */;
			targetProxy = 84F7FA2E23EEA92200A92637 /* PBXContainerItemProxy */;
		};
/* End PBXTargetDependency section */

/* Begin PBXVariantGroup section */
		84F7FA1523EEA92100A92637 /* Main.storyboard */ = {
			isa = PBXVariantGroup;
			children = (
				84F7FA1623EEA92100A92637 /* Base */,
			);
			name = Main.storyboard;
			sourceTree = "<group>";
		};
		84F7FA1A23EEA92200A92637 /* LaunchScreen.storyboard */ = {
			isa = PBXVariantGroup;
			children = (
				84F7FA1B23EEA92200A92637 /* Base */,
			);
			name = LaunchScreen.storyboard;
			sourceTree = "<group>";
		};
/* End PBXVariantGroup section */

/* Begin XCBuildConfiguration section */
		84F7FA3423EEA92200A92637 /* Debug */ = {
			isa = XCBuildConfiguration;
			buildSettings = {
				ALWAYS_SEARCH_USER_PATHS = NO;
				CLANG_ANALYZER_NONNULL = YES;
				CLANG_ANALYZER_NUMBER_OBJECT_CONVERSION = YES_AGGRESSIVE;
				CLANG_CXX_LANGUAGE_STANDARD = "gnu++14";
				CLANG_CXX_LIBRARY = "libc++";
				CLANG_ENABLE_MODULES = YES;
				CLANG_ENABLE_OBJC_ARC = YES;
				CLANG_ENABLE_OBJC_WEAK = YES;
				CLANG_WARN_BLOCK_CAPTURE_AUTORELEASING = YES;
				CLANG_WARN_BOOL_CONVERSION = YES;
				CLANG_WARN_COMMA = YES;
				CLANG_WARN_CONSTANT_CONVERSION = YES;
				CLANG_WARN_DEPRECATED_OBJC_IMPLEMENTATIONS = YES;
				CLANG_WARN_DIRECT_OBJC_ISA_USAGE = YES_ERROR;
				CLANG_WARN_DOCUMENTATION_COMMENTS = YES;
				CLANG_WARN_EMPTY_BODY = YES;
				CLANG_WARN_ENUM_CONVERSION = YES;
				CLANG_WARN_INFINITE_RECURSION = YES;
				CLANG_WARN_INT_CONVERSION = YES;
				CLANG_WARN_NON_LITERAL_NULL_CONVERSION = YES;
				CLANG_WARN_OBJC_IMPLICIT_RETAIN_SELF = YES;
				CLANG_WARN_OBJC_LITERAL_CONVERSION = YES;
				CLANG_WARN_OBJC_ROOT_CLASS = YES_ERROR;
				CLANG_WARN_RANGE_LOOP_ANALYSIS = YES;
				CLANG_WARN_STRICT_PROTOTYPES = YES;
				CLANG_WARN_SUSPICIOUS_MOVE = YES;
				CLANG_WARN_UNGUARDED_AVAILABILITY = YES_AGGRESSIVE;
				CLANG_WARN_UNREACHABLE_CODE = YES;
				CLANG_WARN__DUPLICATE_METHOD_MATCH = YES;
				CODE_SIGN_IDENTITY = "iPhone Developer";
				COPY_PHASE_STRIP = NO;
				DEBUG_INFORMATION_FORMAT = dwarf;
				ENABLE_STRICT_OBJC_MSGSEND = YES;
				ENABLE_TESTABILITY = YES;
				GCC_C_LANGUAGE_STANDARD = gnu11;
				GCC_DYNAMIC_NO_PIC = NO;
				GCC_NO_COMMON_BLOCKS = YES;
				GCC_OPTIMIZATION_LEVEL = 0;
				GCC_PREPROCESSOR_DEFINITIONS = (
					"DEBUG=1",
					"$(inherited)",
				);
				GCC_WARN_64_TO_32_BIT_CONVERSION = YES;
				GCC_WARN_ABOUT_RETURN_TYPE = YES_ERROR;
				GCC_WARN_UNDECLARED_SELECTOR = YES;
				GCC_WARN_UNINITIALIZED_AUTOS = YES_AGGRESSIVE;
				GCC_WARN_UNUSED_FUNCTION = YES;
				GCC_WARN_UNUSED_VARIABLE = YES;
				IPHONEOS_DEPLOYMENT_TARGET = 12.2;
				MTL_ENABLE_DEBUG_INFO = INCLUDE_SOURCE;
				MTL_FAST_MATH = YES;
				ONLY_ACTIVE_ARCH = YES;
				SDKROOT = iphoneos;
				SWIFT_ACTIVE_COMPILATION_CONDITIONS = DEBUG;
				SWIFT_OPTIMIZATION_LEVEL = "-Onone";
			};
			name = Debug;
		};
		84F7FA3523EEA92200A92637 /* Release */ = {
			isa = XCBuildConfiguration;
			buildSettings = {
				ALWAYS_SEARCH_USER_PATHS = NO;
				CLANG_ANALYZER_NONNULL = YES;
				CLANG_ANALYZER_NUMBER_OBJECT_CONVERSION = YES_AGGRESSIVE;
				CLANG_CXX_LANGUAGE_STANDARD = "gnu++14";
				CLANG_CXX_LIBRARY = "libc++";
				CLANG_ENABLE_MODULES = YES;
				CLANG_ENABLE_OBJC_ARC = YES;
				CLANG_ENABLE_OBJC_WEAK = YES;
				CLANG_WARN_BLOCK_CAPTURE_AUTORELEASING = YES;
				CLANG_WARN_BOOL_CONVERSION = YES;
				CLANG_WARN_COMMA = YES;
				CLANG_WARN_CONSTANT_CONVERSION = YES;
				CLANG_WARN_DEPRECATED_OBJC_IMPLEMENTATIONS = YES;
				CLANG_WARN_DIRECT_OBJC_ISA_USAGE = YES_ERROR;
				CLANG_WARN_DOCUMENTATION_COMMENTS = YES;
				CLANG_WARN_EMPTY_BODY = YES;
				CLANG_WARN_ENUM_CONVERSION = YES;
				CLANG_WARN_INFINITE_RECURSION = YES;
				CLANG_WARN_INT_CONVERSION = YES;
				CLANG_WARN_NON_LITERAL_NULL_CONVERSION = YES;
				CLANG_WARN_OBJC_IMPLICIT_RETAIN_SELF = YES;
				CLANG_WARN_OBJC_LITERAL_CONVERSION = YES;
				CLANG_WARN_OBJC_ROOT_CLASS = YES_ERROR;
				CLANG_WARN_RANGE_LOOP_ANALYSIS = YES;
				CLANG_WARN_STRICT_PROTOTYPES = YES;
				CLANG_WARN_SUSPICIOUS_MOVE = YES;
				CLANG_WARN_UNGUARDED_AVAILABILITY = YES_AGGRESSIVE;
				CLANG_WARN_UNREACHABLE_CODE = YES;
				CLANG_WARN__DUPLICATE_METHOD_MATCH = YES;
				CODE_SIGN_IDENTITY = "iPhone Developer";
				COPY_PHASE_STRIP = NO;
				DEBUG_INFORMATION_FORMAT = "dwarf-with-dsym";
				ENABLE_NS_ASSERTIONS = NO;
				ENABLE_STRICT_OBJC_MSGSEND = YES;
				GCC_C_LANGUAGE_STANDARD = gnu11;
				GCC_NO_COMMON_BLOCKS = YES;
				GCC_WARN_64_TO_32_BIT_CONVERSION = YES;
				GCC_WARN_ABOUT_RETURN_TYPE = YES_ERROR;
				GCC_WARN_UNDECLARED_SELECTOR = YES;
				GCC_WARN_UNINITIALIZED_AUTOS = YES_AGGRESSIVE;
				GCC_WARN_UNUSED_FUNCTION = YES;
				GCC_WARN_UNUSED_VARIABLE = YES;
				IPHONEOS_DEPLOYMENT_TARGET = 12.2;
				MTL_ENABLE_DEBUG_INFO = NO;
				MTL_FAST_MATH = YES;
				SDKROOT = iphoneos;
				SWIFT_COMPILATION_MODE = wholemodule;
				SWIFT_OPTIMIZATION_LEVEL = "-O";
				VALIDATE_PRODUCT = YES;
			};
			name = Release;
		};
		84F7FA3723EEA92200A92637 /* Debug */ = {
			isa = XCBuildConfiguration;
			baseConfigurationReference = E65142E38CDD008D2929353F /* Pods-sachithsilva-cobsccomp182p-018.debug.xcconfig */;
			buildSettings = {
				ASSETCATALOG_COMPILER_APPICON_NAME = AppIcon;
				CODE_SIGN_STYLE = Automatic;
				DEVELOPMENT_TEAM = NYG6P95CP7;
				INFOPLIST_FILE = "sachithsilva-cobsccomp182p-018/Info.plist";
				LD_RUNPATH_SEARCH_PATHS = (
					"$(inherited)",
					"@executable_path/Frameworks",
				);
				PRODUCT_BUNDLE_IDENTIFIER = "com.coursework.nibm.sachithsilva-cobsccomp182p-018";
				PRODUCT_NAME = "$(TARGET_NAME)";
				SWIFT_VERSION = 5.0;
				TARGETED_DEVICE_FAMILY = "1,2";
			};
			name = Debug;
		};
		84F7FA3823EEA92200A92637 /* Release */ = {
			isa = XCBuildConfiguration;
			baseConfigurationReference = 17DDC1AB3596820564D74B53 /* Pods-sachithsilva-cobsccomp182p-018.release.xcconfig */;
			buildSettings = {
				ASSETCATALOG_COMPILER_APPICON_NAME = AppIcon;
				CODE_SIGN_STYLE = Automatic;
				DEVELOPMENT_TEAM = NYG6P95CP7;
				INFOPLIST_FILE = "sachithsilva-cobsccomp182p-018/Info.plist";
				LD_RUNPATH_SEARCH_PATHS = (
					"$(inherited)",
					"@executable_path/Frameworks",
				);
				PRODUCT_BUNDLE_IDENTIFIER = "com.coursework.nibm.sachithsilva-cobsccomp182p-018";
				PRODUCT_NAME = "$(TARGET_NAME)";
				SWIFT_VERSION = 5.0;
				TARGETED_DEVICE_FAMILY = "1,2";
			};
			name = Release;
		};
		84F7FA3A23EEA92200A92637 /* Debug */ = {
			isa = XCBuildConfiguration;
			baseConfigurationReference = A2522550C6506807FFCC1438 /* Pods-sachithsilva-cobsccomp182p-018Tests.debug.xcconfig */;
			buildSettings = {
				ALWAYS_EMBED_SWIFT_STANDARD_LIBRARIES = YES;
				BUNDLE_LOADER = "$(TEST_HOST)";
				CODE_SIGN_STYLE = Automatic;
				INFOPLIST_FILE = "sachithsilva-cobsccomp182p-018Tests/Info.plist";
				LD_RUNPATH_SEARCH_PATHS = (
					"$(inherited)",
					"@executable_path/Frameworks",
					"@loader_path/Frameworks",
				);
				PRODUCT_BUNDLE_IDENTIFIER = "com.coursework.nibm.sachithsilva-cobsccomp182p-018Tests";
				PRODUCT_NAME = "$(TARGET_NAME)";
				SWIFT_VERSION = 5.0;
				TARGETED_DEVICE_FAMILY = "1,2";
				TEST_HOST = "$(BUILT_PRODUCTS_DIR)/sachithsilva-cobsccomp182p-018.app/sachithsilva-cobsccomp182p-018";
			};
			name = Debug;
		};
		84F7FA3B23EEA92200A92637 /* Release */ = {
			isa = XCBuildConfiguration;
			baseConfigurationReference = F27EED7DCACFF45E694C2F0D /* Pods-sachithsilva-cobsccomp182p-018Tests.release.xcconfig */;
			buildSettings = {
				ALWAYS_EMBED_SWIFT_STANDARD_LIBRARIES = YES;
				BUNDLE_LOADER = "$(TEST_HOST)";
				CODE_SIGN_STYLE = Automatic;
				INFOPLIST_FILE = "sachithsilva-cobsccomp182p-018Tests/Info.plist";
				LD_RUNPATH_SEARCH_PATHS = (
					"$(inherited)",
					"@executable_path/Frameworks",
					"@loader_path/Frameworks",
				);
				PRODUCT_BUNDLE_IDENTIFIER = "com.coursework.nibm.sachithsilva-cobsccomp182p-018Tests";
				PRODUCT_NAME = "$(TARGET_NAME)";
				SWIFT_VERSION = 5.0;
				TARGETED_DEVICE_FAMILY = "1,2";
				TEST_HOST = "$(BUILT_PRODUCTS_DIR)/sachithsilva-cobsccomp182p-018.app/sachithsilva-cobsccomp182p-018";
			};
			name = Release;
		};
		84F7FA3D23EEA92200A92637 /* Debug */ = {
			isa = XCBuildConfiguration;
			baseConfigurationReference = 63E82591843ABCF498815F6F /* Pods-sachithsilva-cobsccomp182p-018UITests.debug.xcconfig */;
			buildSettings = {
				ALWAYS_EMBED_SWIFT_STANDARD_LIBRARIES = YES;
				CODE_SIGN_STYLE = Automatic;
				INFOPLIST_FILE = "sachithsilva-cobsccomp182p-018UITests/Info.plist";
				LD_RUNPATH_SEARCH_PATHS = (
					"$(inherited)",
					"@executable_path/Frameworks",
					"@loader_path/Frameworks",
				);
				PRODUCT_BUNDLE_IDENTIFIER = "com.coursework.nibm.sachithsilva-cobsccomp182p-018UITests";
				PRODUCT_NAME = "$(TARGET_NAME)";
				SWIFT_VERSION = 5.0;
				TARGETED_DEVICE_FAMILY = "1,2";
				TEST_TARGET_NAME = "sachithsilva-cobsccomp182p-018";
			};
			name = Debug;
		};
		84F7FA3E23EEA92200A92637 /* Release */ = {
			isa = XCBuildConfiguration;
			baseConfigurationReference = F12976015865B910FB7D76AF /* Pods-sachithsilva-cobsccomp182p-018UITests.release.xcconfig */;
			buildSettings = {
				ALWAYS_EMBED_SWIFT_STANDARD_LIBRARIES = YES;
				CODE_SIGN_STYLE = Automatic;
				INFOPLIST_FILE = "sachithsilva-cobsccomp182p-018UITests/Info.plist";
				LD_RUNPATH_SEARCH_PATHS = (
					"$(inherited)",
					"@executable_path/Frameworks",
					"@loader_path/Frameworks",
				);
				PRODUCT_BUNDLE_IDENTIFIER = "com.coursework.nibm.sachithsilva-cobsccomp182p-018UITests";
				PRODUCT_NAME = "$(TARGET_NAME)";
				SWIFT_VERSION = 5.0;
				TARGETED_DEVICE_FAMILY = "1,2";
				TEST_TARGET_NAME = "sachithsilva-cobsccomp182p-018";
			};
			name = Release;
		};
/* End XCBuildConfiguration section */

/* Begin XCConfigurationList section */
		84F7FA0923EEA92100A92637 /* Build configuration list for PBXProject "sachithsilva-cobsccomp182p-018" */ = {
			isa = XCConfigurationList;
			buildConfigurations = (
				84F7FA3423EEA92200A92637 /* Debug */,
				84F7FA3523EEA92200A92637 /* Release */,
			);
			defaultConfigurationIsVisible = 0;
			defaultConfigurationName = Release;
		};
		84F7FA3623EEA92200A92637 /* Build configuration list for PBXNativeTarget "sachithsilva-cobsccomp182p-018" */ = {
			isa = XCConfigurationList;
			buildConfigurations = (
				84F7FA3723EEA92200A92637 /* Debug */,
				84F7FA3823EEA92200A92637 /* Release */,
			);
			defaultConfigurationIsVisible = 0;
			defaultConfigurationName = Release;
		};
		84F7FA3923EEA92200A92637 /* Build configuration list for PBXNativeTarget "sachithsilva-cobsccomp182p-018Tests" */ = {
			isa = XCConfigurationList;
			buildConfigurations = (
				84F7FA3A23EEA92200A92637 /* Debug */,
				84F7FA3B23EEA92200A92637 /* Release */,
			);
			defaultConfigurationIsVisible = 0;
			defaultConfigurationName = Release;
		};
		84F7FA3C23EEA92200A92637 /* Build configuration list for PBXNativeTarget "sachithsilva-cobsccomp182p-018UITests" */ = {
			isa = XCConfigurationList;
			buildConfigurations = (
				84F7FA3D23EEA92200A92637 /* Debug */,
				84F7FA3E23EEA92200A92637 /* Release */,
			);
			defaultConfigurationIsVisible = 0;
			defaultConfigurationName = Release;
		};
/* End XCConfigurationList section */
	};
	rootObject = 84F7FA0623EEA92100A92637 /* Project object */;
}
